
Microsoft Visual Studio Solution File, Format Version 12.00
# Visual Studio 14
VisualStudioVersion = 14.0.23107.0
MinimumVisualStudioVersion = 10.0.40219.1
Project("{FAE04EC0-301F-11D3-BF4B-00C04F79EFBC}") = "thmgen", "thmgen.csproj", "{351FF633-899B-4411-9866-4C7838AD109F}"
EndProject
Global
	GlobalSection(SolutionConfigurationPlatforms) = preSolution
		Debug|Any CPU = Debug|Any CPU
		Debug|arm = Debug|arm
		Debug|x64 = Debug|x64
		Debug|x86 = Debug|x86
		Release|Any CPU = Release|Any CPU
		Release|arm = Release|arm
		Release|x64 = Release|x64
		Release|x86 = Release|x86
	EndGlobalSection
	GlobalSection(ProjectConfigurationPlatforms) = postSolution
		{351FF633-899B-4411-9866-4C7838AD109F}.Debug|Any CPU.ActiveCfg = Debug|Any CPU
		{351FF633-899B-4411-9866-4C7838AD109F}.Debug|Any CPU.Build.0 = Debug|Any CPU
		{351FF633-899B-4411-9866-4C7838AD109F}.Debug|arm.ActiveCfg = Debug|arm
		{351FF633-899B-4411-9866-4C7838AD109F}.Debug|arm.Build.0 = Debug|arm
		{351FF633-899B-4411-9866-4C7838AD109F}.Debug|x64.ActiveCfg = Debug|x64
		{351FF633-899B-4411-9866-4C7838AD109F}.Debug|x64.Build.0 = Debug|x64
		{351FF633-899B-4411-9866-4C7838AD109F}.Debug|x86.ActiveCfg = Debug|x86
		{351FF633-899B-4411-9866-4C7838AD109F}.Debug|x86.Build.0 = Debug|x86
		{351FF633-899B-4411-9866-4C7838AD109F}.Release|Any CPU.ActiveCfg = Release|Any CPU
		{351FF633-899B-4411-9866-4C7838AD109F}.Release|Any CPU.Build.0 = Release|Any CPU
		{351FF633-899B-4411-9866-4C7838AD109F}.Release|arm.ActiveCfg = Release|arm
		{351FF633-899B-4411-9866-4C7838AD109F}.Release|arm.Build.0 = Release|arm
		{351FF633-899B-4411-9866-4C7838AD109F}.Release|x64.ActiveCfg = Release|x64
		{351FF633-899B-4411-9866-4C7838AD109F}.Release|x64.Build.0 = Release|x64
		{351FF633-899B-4411-9866-4C7838AD109F}.Release|x86.ActiveCfg = Release|x86
		{351FF633-899B-4411-9866-4C7838AD109F}.Release|x86.Build.0 = Release|x86
	EndGlobalSection
	GlobalSection(SolutionProperties) = preSolution
		HideSolutionNode = FALSE
	EndGlobalSection
EndGlobal
