
Microsoft Visual Studio Solution File, Format Version 12.00
# Visual Studio 2013
VisualStudioVersion = 12.0.21005.1
MinimumVisualStudioVersion = 10.0.40219.1
Project("{FAE04EC0-301F-11D3-BF4B-00C04F79EFBC}") = "nit", "ext\lux\nit\nit.csproj", "{CE83C2D6-2A8E-43B3-8CD5-604F426BBFF9}"
EndProject
Project("{FAE04EC0-301F-11D3-BF4B-00C04F79EFBC}") = "wconsole", "tools\wconsole\wconsole.csproj", "{4B2BD779-59F7-4BF1-871C-A75952BCA749}"
EndProject
Project("{FAE04EC0-301F-11D3-BF4B-00C04F79EFBC}") = "Wix", "tools\wix\Wix.csproj", "{9E03A94C-C70E-45C6-A269-E737BBD8B319}"
EndProject
Project("{FAE04EC0-301F-11D3-BF4B-00C04F79EFBC}") = "WindowsInstaller", "DTF\Libraries\WindowsInstaller\WindowsInstaller.csproj", "{24121677-0ED0-41B5-833F-1B9A18E87BF4}"
EndProject
Project("{FAE04EC0-301F-11D3-BF4B-00C04F79EFBC}") = "lux", "ext\lux\lux\lux.csproj", "{C50F3641-33F8-4865-8581-E369503937FB}"
EndProject
Project("{FAE04EC0-301F-11D3-BF4B-00C04F79EFBC}") = "WixToolset.Data", "libs\WixToolset.Data\WixToolset.Data.csproj", "{6A98499E-40EC-4335-9C31-96A2511D47C6}"
EndProject
Project("{FAE04EC0-301F-11D3-BF4B-00C04F79EFBC}") = "WixLuxExtension", "ext\lux\wixext\WixLuxExtension.csproj", "{4E633314-DF9D-4828-BCB4-D959EBBBF114}"
EndProject
Project("{FAE04EC0-301F-11D3-BF4B-00C04F79EFBC}") = "LuxTasks", "ext\lux\tasks\LuxTasks.csproj", "{43BD7580-2DAC-4C80-AA9A-C10603917572}"
EndProject
Global
	GlobalSection(SolutionConfigurationPlatforms) = preSolution
		Debug|Any CPU = Debug|Any CPU
		Debug|arm = Debug|arm
		Debug|Mixed Platforms = Debug|Mixed Platforms
		Debug|Win32 = Debug|Win32
		Debug|x64 = Debug|x64
		Debug|x86 = Debug|x86
		Release|Any CPU = Release|Any CPU
		Release|arm = Release|arm
		Release|Mixed Platforms = Release|Mixed Platforms
		Release|Win32 = Release|Win32
		Release|x64 = Release|x64
		Release|x86 = Release|x86
	EndGlobalSection
	GlobalSection(ProjectConfigurationPlatforms) = postSolution
		{CE83C2D6-2A8E-43B3-8CD5-604F426BBFF9}.Debug|Any CPU.ActiveCfg = Debug|Any CPU
		{CE83C2D6-2A8E-43B3-8CD5-604F426BBFF9}.Debug|Any CPU.Build.0 = Debug|Any CPU
		{CE83C2D6-2A8E-43B3-8CD5-604F426BBFF9}.Debug|arm.ActiveCfg = Debug|arm
		{CE83C2D6-2A8E-43B3-8CD5-604F426BBFF9}.Debug|arm.Build.0 = Debug|arm
		{CE83C2D6-2A8E-43B3-8CD5-604F426BBFF9}.Debug|Mixed Platforms.ActiveCfg = Debug|x86
		{CE83C2D6-2A8E-43B3-8CD5-604F426BBFF9}.Debug|Mixed Platforms.Build.0 = Debug|x86
		{CE83C2D6-2A8E-43B3-8CD5-604F426BBFF9}.Debug|Win32.ActiveCfg = Debug|Win32
		{CE83C2D6-2A8E-43B3-8CD5-604F426BBFF9}.Debug|Win32.Build.0 = Debug|Win32
		{CE83C2D6-2A8E-43B3-8CD5-604F426BBFF9}.Debug|x64.ActiveCfg = Debug|x64
		{CE83C2D6-2A8E-43B3-8CD5-604F426BBFF9}.Debug|x64.Build.0 = Debug|x64
		{CE83C2D6-2A8E-43B3-8CD5-604F426BBFF9}.Debug|x86.ActiveCfg = Debug|x86
		{CE83C2D6-2A8E-43B3-8CD5-604F426BBFF9}.Debug|x86.Build.0 = Debug|x86
		{CE83C2D6-2A8E-43B3-8CD5-604F426BBFF9}.Release|Any CPU.ActiveCfg = Release|Any CPU
		{CE83C2D6-2A8E-43B3-8CD5-604F426BBFF9}.Release|Any CPU.Build.0 = Release|Any CPU
		{CE83C2D6-2A8E-43B3-8CD5-604F426BBFF9}.Release|arm.ActiveCfg = Release|arm
		{CE83C2D6-2A8E-43B3-8CD5-604F426BBFF9}.Release|arm.Build.0 = Release|arm
		{CE83C2D6-2A8E-43B3-8CD5-604F426BBFF9}.Release|Mixed Platforms.ActiveCfg = Release|x86
		{CE83C2D6-2A8E-43B3-8CD5-604F426BBFF9}.Release|Mixed Platforms.Build.0 = Release|x86
		{CE83C2D6-2A8E-43B3-8CD5-604F426BBFF9}.Release|Win32.ActiveCfg = Release|Win32
		{CE83C2D6-2A8E-43B3-8CD5-604F426BBFF9}.Release|Win32.Build.0 = Release|Win32
		{CE83C2D6-2A8E-43B3-8CD5-604F426BBFF9}.Release|x64.ActiveCfg = Release|x64
		{CE83C2D6-2A8E-43B3-8CD5-604F426BBFF9}.Release|x64.Build.0 = Release|x64
		{CE83C2D6-2A8E-43B3-8CD5-604F426BBFF9}.Release|x86.ActiveCfg = Release|x86
		{CE83C2D6-2A8E-43B3-8CD5-604F426BBFF9}.Release|x86.Build.0 = Release|x86
		{4B2BD779-59F7-4BF1-871C-A75952BCA749}.Debug|Any CPU.ActiveCfg = Debug|Any CPU
		{4B2BD779-59F7-4BF1-871C-A75952BCA749}.Debug|Any CPU.Build.0 = Debug|Any CPU
		{4B2BD779-59F7-4BF1-871C-A75952BCA749}.Debug|arm.ActiveCfg = Debug|arm
		{4B2BD779-59F7-4BF1-871C-A75952BCA749}.Debug|arm.Build.0 = Debug|arm
		{4B2BD779-59F7-4BF1-871C-A75952BCA749}.Debug|Mixed Platforms.ActiveCfg = Debug|x86
		{4B2BD779-59F7-4BF1-871C-A75952BCA749}.Debug|Mixed Platforms.Build.0 = Debug|x86
		{4B2BD779-59F7-4BF1-871C-A75952BCA749}.Debug|Win32.ActiveCfg = Debug|Win32
		{4B2BD779-59F7-4BF1-871C-A75952BCA749}.Debug|Win32.Build.0 = Debug|Win32
		{4B2BD779-59F7-4BF1-871C-A75952BCA749}.Debug|x64.ActiveCfg = Debug|x64
		{4B2BD779-59F7-4BF1-871C-A75952BCA749}.Debug|x64.Build.0 = Debug|x64
		{4B2BD779-59F7-4BF1-871C-A75952BCA749}.Debug|x86.ActiveCfg = Debug|x86
		{4B2BD779-59F7-4BF1-871C-A75952BCA749}.Debug|x86.Build.0 = Debug|x86
		{4B2BD779-59F7-4BF1-871C-A75952BCA749}.Release|Any CPU.ActiveCfg = Release|Any CPU
		{4B2BD779-59F7-4BF1-871C-A75952BCA749}.Release|Any CPU.Build.0 = Release|Any CPU
		{4B2BD779-59F7-4BF1-871C-A75952BCA749}.Release|arm.ActiveCfg = Release|arm
		{4B2BD779-59F7-4BF1-871C-A75952BCA749}.Release|arm.Build.0 = Release|arm
		{4B2BD779-59F7-4BF1-871C-A75952BCA749}.Release|Mixed Platforms.ActiveCfg = Release|x86
		{4B2BD779-59F7-4BF1-871C-A75952BCA749}.Release|Mixed Platforms.Build.0 = Release|x86
		{4B2BD779-59F7-4BF1-871C-A75952BCA749}.Release|Win32.ActiveCfg = Release|Win32
		{4B2BD779-59F7-4BF1-871C-A75952BCA749}.Release|Win32.Build.0 = Release|Win32
		{4B2BD779-59F7-4BF1-871C-A75952BCA749}.Release|x64.ActiveCfg = Release|x64
		{4B2BD779-59F7-4BF1-871C-A75952BCA749}.Release|x64.Build.0 = Release|x64
		{4B2BD779-59F7-4BF1-871C-A75952BCA749}.Release|x86.ActiveCfg = Release|x86
		{4B2BD779-59F7-4BF1-871C-A75952BCA749}.Release|x86.Build.0 = Release|x86
		{9E03A94C-C70E-45C6-A269-E737BBD8B319}.Debug|Any CPU.ActiveCfg = Debug|Any CPU
		{9E03A94C-C70E-45C6-A269-E737BBD8B319}.Debug|Any CPU.Build.0 = Debug|Any CPU
		{9E03A94C-C70E-45C6-A269-E737BBD8B319}.Debug|arm.ActiveCfg = Debug|arm
		{9E03A94C-C70E-45C6-A269-E737BBD8B319}.Debug|arm.Build.0 = Debug|arm
		{9E03A94C-C70E-45C6-A269-E737BBD8B319}.Debug|Mixed Platforms.ActiveCfg = Debug|x86
		{9E03A94C-C70E-45C6-A269-E737BBD8B319}.Debug|Mixed Platforms.Build.0 = Debug|x86
		{9E03A94C-C70E-45C6-A269-E737BBD8B319}.Debug|Win32.ActiveCfg = Debug|Win32
		{9E03A94C-C70E-45C6-A269-E737BBD8B319}.Debug|Win32.Build.0 = Debug|Win32
		{9E03A94C-C70E-45C6-A269-E737BBD8B319}.Debug|x64.ActiveCfg = Debug|x64
		{9E03A94C-C70E-45C6-A269-E737BBD8B319}.Debug|x64.Build.0 = Debug|x64
		{9E03A94C-C70E-45C6-A269-E737BBD8B319}.Debug|x86.ActiveCfg = Debug|x86
		{9E03A94C-C70E-45C6-A269-E737BBD8B319}.Debug|x86.Build.0 = Debug|x86
		{9E03A94C-C70E-45C6-A269-E737BBD8B319}.Release|Any CPU.ActiveCfg = Release|Any CPU
		{9E03A94C-C70E-45C6-A269-E737BBD8B319}.Release|Any CPU.Build.0 = Release|Any CPU
		{9E03A94C-C70E-45C6-A269-E737BBD8B319}.Release|arm.ActiveCfg = Release|arm
		{9E03A94C-C70E-45C6-A269-E737BBD8B319}.Release|arm.Build.0 = Release|arm
		{9E03A94C-C70E-45C6-A269-E737BBD8B319}.Release|Mixed Platforms.ActiveCfg = Release|x86
		{9E03A94C-C70E-45C6-A269-E737BBD8B319}.Release|Mixed Platforms.Build.0 = Release|x86
		{9E03A94C-C70E-45C6-A269-E737BBD8B319}.Release|Win32.ActiveCfg = Release|Win32
		{9E03A94C-C70E-45C6-A269-E737BBD8B319}.Release|Win32.Build.0 = Release|Win32
		{9E03A94C-C70E-45C6-A269-E737BBD8B319}.Release|x64.ActiveCfg = Release|x64
		{9E03A94C-C70E-45C6-A269-E737BBD8B319}.Release|x64.Build.0 = Release|x64
		{9E03A94C-C70E-45C6-A269-E737BBD8B319}.Release|x86.ActiveCfg = Release|x86
		{9E03A94C-C70E-45C6-A269-E737BBD8B319}.Release|x86.Build.0 = Release|x86
		{24121677-0ED0-41B5-833F-1B9A18E87BF4}.Debug|Any CPU.ActiveCfg = Debug|Any CPU
		{24121677-0ED0-41B5-833F-1B9A18E87BF4}.Debug|Any CPU.Build.0 = Debug|Any CPU
		{24121677-0ED0-41B5-833F-1B9A18E87BF4}.Debug|arm.ActiveCfg = Debug|arm
		{24121677-0ED0-41B5-833F-1B9A18E87BF4}.Debug|arm.Build.0 = Debug|arm
		{24121677-0ED0-41B5-833F-1B9A18E87BF4}.Debug|Mixed Platforms.ActiveCfg = Debug|x86
		{24121677-0ED0-41B5-833F-1B9A18E87BF4}.Debug|Mixed Platforms.Build.0 = Debug|x86
		{24121677-0ED0-41B5-833F-1B9A18E87BF4}.Debug|Win32.ActiveCfg = Debug|Win32
		{24121677-0ED0-41B5-833F-1B9A18E87BF4}.Debug|Win32.Build.0 = Debug|Win32
		{24121677-0ED0-41B5-833F-1B9A18E87BF4}.Debug|x64.ActiveCfg = Debug|x64
		{24121677-0ED0-41B5-833F-1B9A18E87BF4}.Debug|x64.Build.0 = Debug|x64
		{24121677-0ED0-41B5-833F-1B9A18E87BF4}.Debug|x86.ActiveCfg = Debug|x86
		{24121677-0ED0-41B5-833F-1B9A18E87BF4}.Debug|x86.Build.0 = Debug|x86
		{24121677-0ED0-41B5-833F-1B9A18E87BF4}.Release|Any CPU.ActiveCfg = Release|Any CPU
		{24121677-0ED0-41B5-833F-1B9A18E87BF4}.Release|Any CPU.Build.0 = Release|Any CPU
		{24121677-0ED0-41B5-833F-1B9A18E87BF4}.Release|arm.ActiveCfg = Release|arm
		{24121677-0ED0-41B5-833F-1B9A18E87BF4}.Release|arm.Build.0 = Release|arm
		{24121677-0ED0-41B5-833F-1B9A18E87BF4}.Release|Mixed Platforms.ActiveCfg = Release|x86
		{24121677-0ED0-41B5-833F-1B9A18E87BF4}.Release|Mixed Platforms.Build.0 = Release|x86
		{24121677-0ED0-41B5-833F-1B9A18E87BF4}.Release|Win32.ActiveCfg = Release|Win32
		{24121677-0ED0-41B5-833F-1B9A18E87BF4}.Release|Win32.Build.0 = Release|Win32
		{24121677-0ED0-41B5-833F-1B9A18E87BF4}.Release|x64.ActiveCfg = Release|x64
		{24121677-0ED0-41B5-833F-1B9A18E87BF4}.Release|x64.Build.0 = Release|x64
		{24121677-0ED0-41B5-833F-1B9A18E87BF4}.Release|x86.ActiveCfg = Release|x86
		{24121677-0ED0-41B5-833F-1B9A18E87BF4}.Release|x86.Build.0 = Release|x86
		{C50F3641-33F8-4865-8581-E369503937FB}.Debug|Any CPU.ActiveCfg = Debug|Any CPU
		{C50F3641-33F8-4865-8581-E369503937FB}.Debug|Any CPU.Build.0 = Debug|Any CPU
		{C50F3641-33F8-4865-8581-E369503937FB}.Debug|arm.ActiveCfg = Debug|arm
		{C50F3641-33F8-4865-8581-E369503937FB}.Debug|arm.Build.0 = Debug|arm
		{C50F3641-33F8-4865-8581-E369503937FB}.Debug|Mixed Platforms.ActiveCfg = Debug|x86
		{C50F3641-33F8-4865-8581-E369503937FB}.Debug|Mixed Platforms.Build.0 = Debug|x86
		{C50F3641-33F8-4865-8581-E369503937FB}.Debug|Win32.ActiveCfg = Debug|Win32
		{C50F3641-33F8-4865-8581-E369503937FB}.Debug|Win32.Build.0 = Debug|Win32
		{C50F3641-33F8-4865-8581-E369503937FB}.Debug|x64.ActiveCfg = Debug|x64
		{C50F3641-33F8-4865-8581-E369503937FB}.Debug|x64.Build.0 = Debug|x64
		{C50F3641-33F8-4865-8581-E369503937FB}.Debug|x86.ActiveCfg = Debug|x86
		{C50F3641-33F8-4865-8581-E369503937FB}.Debug|x86.Build.0 = Debug|x86
		{C50F3641-33F8-4865-8581-E369503937FB}.Release|Any CPU.ActiveCfg = Release|Any CPU
		{C50F3641-33F8-4865-8581-E369503937FB}.Release|Any CPU.Build.0 = Release|Any CPU
		{C50F3641-33F8-4865-8581-E369503937FB}.Release|arm.ActiveCfg = Release|arm
		{C50F3641-33F8-4865-8581-E369503937FB}.Release|arm.Build.0 = Release|arm
		{C50F3641-33F8-4865-8581-E369503937FB}.Release|Mixed Platforms.ActiveCfg = Release|x86
		{C50F3641-33F8-4865-8581-E369503937FB}.Release|Mixed Platforms.Build.0 = Release|x86
		{C50F3641-33F8-4865-8581-E369503937FB}.Release|Win32.ActiveCfg = Release|Win32
		{C50F3641-33F8-4865-8581-E369503937FB}.Release|Win32.Build.0 = Release|Win32
		{C50F3641-33F8-4865-8581-E369503937FB}.Release|x64.ActiveCfg = Release|x64
		{C50F3641-33F8-4865-8581-E369503937FB}.Release|x64.Build.0 = Release|x64
		{C50F3641-33F8-4865-8581-E369503937FB}.Release|x86.ActiveCfg = Release|x86
		{C50F3641-33F8-4865-8581-E369503937FB}.Release|x86.Build.0 = Release|x86
		{6A98499E-40EC-4335-9C31-96A2511D47C6}.Debug|Any CPU.ActiveCfg = Debug|Any CPU
		{6A98499E-40EC-4335-9C31-96A2511D47C6}.Debug|Any CPU.Build.0 = Debug|Any CPU
		{6A98499E-40EC-4335-9C31-96A2511D47C6}.Debug|arm.ActiveCfg = Debug|arm
		{6A98499E-40EC-4335-9C31-96A2511D47C6}.Debug|arm.Build.0 = Debug|arm
		{6A98499E-40EC-4335-9C31-96A2511D47C6}.Debug|Mixed Platforms.ActiveCfg = Debug|x86
		{6A98499E-40EC-4335-9C31-96A2511D47C6}.Debug|Mixed Platforms.Build.0 = Debug|x86
		{6A98499E-40EC-4335-9C31-96A2511D47C6}.Debug|Win32.ActiveCfg = Debug|Win32
		{6A98499E-40EC-4335-9C31-96A2511D47C6}.Debug|Win32.Build.0 = Debug|Win32
		{6A98499E-40EC-4335-9C31-96A2511D47C6}.Debug|x64.ActiveCfg = Debug|x64
		{6A98499E-40EC-4335-9C31-96A2511D47C6}.Debug|x64.Build.0 = Debug|x64
		{6A98499E-40EC-4335-9C31-96A2511D47C6}.Debug|x86.ActiveCfg = Debug|x86
		{6A98499E-40EC-4335-9C31-96A2511D47C6}.Debug|x86.Build.0 = Debug|x86
		{6A98499E-40EC-4335-9C31-96A2511D47C6}.Release|Any CPU.ActiveCfg = Release|Any CPU
		{6A98499E-40EC-4335-9C31-96A2511D47C6}.Release|Any CPU.Build.0 = Release|Any CPU
		{6A98499E-40EC-4335-9C31-96A2511D47C6}.Release|arm.ActiveCfg = Release|arm
		{6A98499E-40EC-4335-9C31-96A2511D47C6}.Release|arm.Build.0 = Release|arm
		{6A98499E-40EC-4335-9C31-96A2511D47C6}.Release|Mixed Platforms.ActiveCfg = Release|x86
		{6A98499E-40EC-4335-9C31-96A2511D47C6}.Release|Mixed Platforms.Build.0 = Release|x86
		{6A98499E-40EC-4335-9C31-96A2511D47C6}.Release|Win32.ActiveCfg = Release|Win32
		{6A98499E-40EC-4335-9C31-96A2511D47C6}.Release|Win32.Build.0 = Release|Win32
		{6A98499E-40EC-4335-9C31-96A2511D47C6}.Release|x64.ActiveCfg = Release|x64
		{6A98499E-40EC-4335-9C31-96A2511D47C6}.Release|x64.Build.0 = Release|x64
		{6A98499E-40EC-4335-9C31-96A2511D47C6}.Release|x86.ActiveCfg = Release|x86
		{6A98499E-40EC-4335-9C31-96A2511D47C6}.Release|x86.Build.0 = Release|x86
		{4E633314-DF9D-4828-BCB4-D959EBBBF114}.Debug|Any CPU.ActiveCfg = Debug|Any CPU
		{4E633314-DF9D-4828-BCB4-D959EBBBF114}.Debug|Any CPU.Build.0 = Debug|Any CPU
		{4E633314-DF9D-4828-BCB4-D959EBBBF114}.Debug|arm.ActiveCfg = Debug|arm
		{4E633314-DF9D-4828-BCB4-D959EBBBF114}.Debug|arm.Build.0 = Debug|arm
		{4E633314-DF9D-4828-BCB4-D959EBBBF114}.Debug|Mixed Platforms.ActiveCfg = Debug|x86
		{4E633314-DF9D-4828-BCB4-D959EBBBF114}.Debug|Mixed Platforms.Build.0 = Debug|x86
		{4E633314-DF9D-4828-BCB4-D959EBBBF114}.Debug|Win32.ActiveCfg = Debug|Win32
		{4E633314-DF9D-4828-BCB4-D959EBBBF114}.Debug|Win32.Build.0 = Debug|Win32
		{4E633314-DF9D-4828-BCB4-D959EBBBF114}.Debug|x64.ActiveCfg = Debug|x64
		{4E633314-DF9D-4828-BCB4-D959EBBBF114}.Debug|x64.Build.0 = Debug|x64
		{4E633314-DF9D-4828-BCB4-D959EBBBF114}.Debug|x86.ActiveCfg = Debug|x86
		{4E633314-DF9D-4828-BCB4-D959EBBBF114}.Debug|x86.Build.0 = Debug|x86
		{4E633314-DF9D-4828-BCB4-D959EBBBF114}.Release|Any CPU.ActiveCfg = Release|Any CPU
		{4E633314-DF9D-4828-BCB4-D959EBBBF114}.Release|Any CPU.Build.0 = Release|Any CPU
		{4E633314-DF9D-4828-BCB4-D959EBBBF114}.Release|arm.ActiveCfg = Release|arm
		{4E633314-DF9D-4828-BCB4-D959EBBBF114}.Release|arm.Build.0 = Release|arm
		{4E633314-DF9D-4828-BCB4-D959EBBBF114}.Release|Mixed Platforms.ActiveCfg = Release|x86
		{4E633314-DF9D-4828-BCB4-D959EBBBF114}.Release|Mixed Platforms.Build.0 = Release|x86
		{4E633314-DF9D-4828-BCB4-D959EBBBF114}.Release|Win32.ActiveCfg = Release|Win32
		{4E633314-DF9D-4828-BCB4-D959EBBBF114}.Release|Win32.Build.0 = Release|Win32
		{4E633314-DF9D-4828-BCB4-D959EBBBF114}.Release|x64.ActiveCfg = Release|x64
		{4E633314-DF9D-4828-BCB4-D959EBBBF114}.Release|x64.Build.0 = Release|x64
		{4E633314-DF9D-4828-BCB4-D959EBBBF114}.Release|x86.ActiveCfg = Release|x86
		{4E633314-DF9D-4828-BCB4-D959EBBBF114}.Release|x86.Build.0 = Release|x86
		{43BD7580-2DAC-4C80-AA9A-C10603917572}.Debug|Any CPU.ActiveCfg = Debug|Any CPU
		{43BD7580-2DAC-4C80-AA9A-C10603917572}.Debug|Any CPU.Build.0 = Debug|Any CPU
		{43BD7580-2DAC-4C80-AA9A-C10603917572}.Debug|arm.ActiveCfg = Debug|arm
		{43BD7580-2DAC-4C80-AA9A-C10603917572}.Debug|arm.Build.0 = Debug|arm
		{43BD7580-2DAC-4C80-AA9A-C10603917572}.Debug|Mixed Platforms.ActiveCfg = Debug|x86
		{43BD7580-2DAC-4C80-AA9A-C10603917572}.Debug|Mixed Platforms.Build.0 = Debug|x86
		{43BD7580-2DAC-4C80-AA9A-C10603917572}.Debug|Win32.ActiveCfg = Debug|Win32
		{43BD7580-2DAC-4C80-AA9A-C10603917572}.Debug|Win32.Build.0 = Debug|Win32
		{43BD7580-2DAC-4C80-AA9A-C10603917572}.Debug|x64.ActiveCfg = Debug|x64
		{43BD7580-2DAC-4C80-AA9A-C10603917572}.Debug|x64.Build.0 = Debug|x64
		{43BD7580-2DAC-4C80-AA9A-C10603917572}.Debug|x86.ActiveCfg = Debug|x86
		{43BD7580-2DAC-4C80-AA9A-C10603917572}.Debug|x86.Build.0 = Debug|x86
		{43BD7580-2DAC-4C80-AA9A-C10603917572}.Release|Any CPU.ActiveCfg = Release|Any CPU
		{43BD7580-2DAC-4C80-AA9A-C10603917572}.Release|Any CPU.Build.0 = Release|Any CPU
		{43BD7580-2DAC-4C80-AA9A-C10603917572}.Release|arm.ActiveCfg = Release|arm
		{43BD7580-2DAC-4C80-AA9A-C10603917572}.Release|arm.Build.0 = Release|arm
		{43BD7580-2DAC-4C80-AA9A-C10603917572}.Release|Mixed Platforms.ActiveCfg = Release|x86
		{43BD7580-2DAC-4C80-AA9A-C10603917572}.Release|Mixed Platforms.Build.0 = Release|x86
		{43BD7580-2DAC-4C80-AA9A-C10603917572}.Release|Win32.ActiveCfg = Release|Win32
		{43BD7580-2DAC-4C80-AA9A-C10603917572}.Release|Win32.Build.0 = Release|Win32
		{43BD7580-2DAC-4C80-AA9A-C10603917572}.Release|x64.ActiveCfg = Release|x64
		{43BD7580-2DAC-4C80-AA9A-C10603917572}.Release|x64.Build.0 = Release|x64
		{43BD7580-2DAC-4C80-AA9A-C10603917572}.Release|x86.ActiveCfg = Release|x86
		{43BD7580-2DAC-4C80-AA9A-C10603917572}.Release|x86.Build.0 = Release|x86
	EndGlobalSection
	GlobalSection(SolutionProperties) = preSolution
		HideSolutionNode = FALSE
	EndGlobalSection
EndGlobal
