Microsoft Visual Studio Solution File, Format Version 12.00
# Visual Studio 2013
VisualStudioVersion = 12.0.30723.0
MinimumVisualStudioVersion = 10.0.40219.1
Project("{FAE04EC0-301F-11D3-BF4B-00C04F79EFBC}") = "Wix", "tools\wix\Wix.csproj", "{9E03A94C-C70E-45C6-A269-E737BBD8B319}"
	ProjectSection(ProjectDependencies) = postProject
		{24121677-0ED0-41B5-833F-1B9A18E87BF4} = {24121677-0ED0-41B5-833F-1B9A18E87BF4}
	EndProjectSection
EndProject
Project("{FAE04EC0-301F-11D3-BF4B-00C04F79EFBC}") = "candle", "tools\candle\candle.csproj", "{956401A5-3C04-4786-9611-B2AEC6207686}"
	ProjectSection(ProjectDependencies) = postProject
		{9E03A94C-C70E-45C6-A269-E737BBD8B319} = {9E03A94C-C70E-45C6-A269-E737BBD8B319}
	EndProjectSection
EndProject
Project("{FAE04EC0-301F-11D3-BF4B-00C04F79EFBC}") = "light", "tools\light\light.csproj", "{90556207-597F-4046-9404-5BE6B3CC0938}"
	ProjectSection(ProjectDependencies) = postProject
		{9E03A94C-C70E-45C6-A269-E737BBD8B319} = {9E03A94C-C70E-45C6-A269-E737BBD8B319}
	EndProjectSection
EndProject
Project("{FAE04EC0-301F-11D3-BF4B-00C04F79EFBC}") = "lit", "tools\lit\lit.csproj", "{B4271B16-88B7-499A-881B-2813C1DB6285}"
EndProject
Project("{FAE04EC0-301F-11D3-BF4B-00C04F79EFBC}") = "dark", "tools\dark\dark.csproj", "{E004FD60-0C2C-4165-8E25-21E9A9AD155D}"
EndProject
Project("{FAE04EC0-301F-11D3-BF4B-00C04F79EFBC}") = "heat", "tools\heat\heat.csproj", "{97B3B5DF-70D2-4658-9259-1DB34976F89F}"
EndProject
Project("{FAE04EC0-301F-11D3-BF4B-00C04F79EFBC}") = "smoke", "tools\smoke\smoke.csproj", "{351FF633-899B-4411-9866-4C7838AD109F}"
EndProject
Project("{FAE04EC0-301F-11D3-BF4B-00C04F79EFBC}") = "torch", "tools\torch\torch.csproj", "{7BC95599-2920-4824-B9F9-B21D8CFF061B}"
EndProject
Project("{FAE04EC0-301F-11D3-BF4B-00C04F79EFBC}") = "wconsole", "tools\wconsole\wconsole.csproj", "{4B2BD779-59F7-4BF1-871C-A75952BCA749}"
EndProject
Project("{FAE04EC0-301F-11D3-BF4B-00C04F79EFBC}") = "pyro", "tools\pyro\pyro.csproj", "{EC5BD7DE-29C4-4FDC-9953-8707B6DBDB00}"
EndProject
Project("{FAE04EC0-301F-11D3-BF4B-00C04F79EFBC}") = "WixTasks", "tools\WixTasks\WixTasks.csproj", "{21E8F2D3-EF19-49C8-88CA-A22C5B91DFDC}"
EndProject
Project("{FAE04EC0-301F-11D3-BF4B-00C04F79EFBC}") = "WindowsInstaller", "DTF\Libraries\WindowsInstaller\WindowsInstaller.csproj", "{24121677-0ED0-41B5-833F-1B9A18E87BF4}"
EndProject
Project("{FAE04EC0-301F-11D3-BF4B-00C04F79EFBC}") = "Resources", "DTF\Libraries\Resources\Resources.csproj", "{44931ECB-8D6F-4C12-A872-64E261B6A98E}"
EndProject
Project("{FAE04EC0-301F-11D3-BF4B-00C04F79EFBC}") = "retina", "tools\retina\retina.csproj", "{61F9B185-0025-4609-853C-B870EEF88F25}"
EndProject
Project("{2150E333-8FDC-42A3-9474-1A3956D46DE8}") = "ext", "ext", "{FA6E4980-2DBB-4769-9A37-40D5BF18AE8C}"
EndProject
Project("{FAE04EC0-301F-11D3-BF4B-00C04F79EFBC}") = "WixBalExtension", "ext\BalExtension\wixext\WixBalExtension.csproj", "{BF720A63-9D7B-456E-B60C-8122852D9FED}"
EndProject
Project("{8BC9CEB8-8B4A-11D0-8D11-00A0C91BC942}") = "winterop", "tools\winterop\winterop.vcxproj", "{26D45E58-E703-431D-B67E-493C72C9DA0B}"
EndProject
Project("{FAE04EC0-301F-11D3-BF4B-00C04F79EFBC}") = "WixComPlusExtension", "ext\ComPlusExtension\wixext\WixComPlusExtension.csproj", "{1497B777-330B-4CFE-927A-22850CD24D64}"
EndProject
Project("{FAE04EC0-301F-11D3-BF4B-00C04F79EFBC}") = "DependencyExtension", "ext\DependencyExtension\wixext\DependencyExtension.csproj", "{A0B6D3F1-AE5E-423B-BA92-60C9926CA498}"
EndProject
Project("{FAE04EC0-301F-11D3-BF4B-00C04F79EFBC}") = "WixDifxAppExtension", "ext\DifxAppExtension\wixext\WixDifxAppExtension.csproj", "{2256EFD7-E678-4485-818D-986D590068BE}"
EndProject
Project("{FAE04EC0-301F-11D3-BF4B-00C04F79EFBC}") = "WixFirewallExtension", "ext\FirewallExtension\wixext\WixFirewallExtension.csproj", "{1C943AF9-7373-4BCB-8874-A13DAF6DA585}"
EndProject
Project("{FAE04EC0-301F-11D3-BF4B-00C04F79EFBC}") = "WixLuxExtension", "ext\lux\wixext\WixLuxExtension.csproj", "{4E633314-DF9D-4828-BCB4-D959EBBBF114}"
EndProject
Project("{FAE04EC0-301F-11D3-BF4B-00C04F79EFBC}") = "WixMsmqExtension", "ext\MsmqExtension\wixext\WixMsmqExtension.csproj", "{B990D81B-9F60-4EEE-B31D-B5D1EAA799EE}"
EndProject
Project("{FAE04EC0-301F-11D3-BF4B-00C04F79EFBC}") = "WixPSExtension", "ext\PSExtension\wixext\WixPSExtension.csproj", "{6F1482DF-1598-4D88-BDAA-B9D0E0242139}"
EndProject
Project("{FAE04EC0-301F-11D3-BF4B-00C04F79EFBC}") = "WixTagExtension", "ext\TagExtension\wixext\WixTagExtension.csproj", "{696EB455-0EF3-47C0-8A02-86FF5D8CC791}"
EndProject
Project("{FAE04EC0-301F-11D3-BF4B-00C04F79EFBC}") = "WixVSExtension", "ext\VSExtension\wixext\WixVSExtension.csproj", "{B0FD938D-C569-457D-AFF0-25EE5E99386E}"
EndProject
Project("{FAE04EC0-301F-11D3-BF4B-00C04F79EFBC}") = "WixUtilExtension", "ext\UtilExtension\wixext\WixUtilExtension.csproj", "{3E74F4F0-7DC9-4837-9443-D5BE061C892C}"
EndProject
Project("{FAE04EC0-301F-11D3-BF4B-00C04F79EFBC}") = "WixSqlExtension", "ext\SqlExtension\wixext\WixSqlExtension.csproj", "{E917D8E0-4883-4AA6-AE1F-57839165E188}"
EndProject
Project("{FAE04EC0-301F-11D3-BF4B-00C04F79EFBC}") = "WixGamingExtension", "ext\GamingExtension\wixext\WixGamingExtension.csproj", "{5188C6FB-FE2D-4973-8310-DA05D34040F9}"
EndProject
Project("{FAE04EC0-301F-11D3-BF4B-00C04F79EFBC}") = "WixHttpExtension", "ext\HttpExtension\wixext\WixHttpExtension.csproj", "{AAFC3C7F-D818-4B1D-AF3F-A331EA917F3F}"
EndProject
Project("{FAE04EC0-301F-11D3-BF4B-00C04F79EFBC}") = "WixIIsExtension", "ext\IIsExtension\wixext\WixIIsExtension.csproj", "{CC3521F5-D0A8-4CBA-99E2-092FCD04125D}"
EndProject
Project("{FAE04EC0-301F-11D3-BF4B-00C04F79EFBC}") = "WixNetFxExtension", "ext\NetFxExtension\wixext\WixNetFxExtension.csproj", "{EA867716-8FF0-4008-B197-9F326420ABE4}"
EndProject
Project("{FAE04EC0-301F-11D3-BF4B-00C04F79EFBC}") = "SettingsEngineExtension", "ext\SettingsEngineExtension\wixext\SettingsEngineExtension.csproj", "{D1A907C2-FA39-4B3D-B66E-F697064D9DC4}"
EndProject
Project("{FAE04EC0-301F-11D3-BF4B-00C04F79EFBC}") = "WixDirectXExtension", "ext\DirectXExtension\wixext\WixDirectXExtension.csproj", "{6182DBCA-146A-4F37-8406-3139BBE04636}"
EndProject
Project("{FAE04EC0-301F-11D3-BF4B-00C04F79EFBC}") = "WixUIExtension", "ext\UIExtension\wixext\WixUIExtension.csproj", "{33F6ABF5-FA13-4B73-99FA-F9BBA894DD9A}"
EndProject
Project("{FAE04EC0-301F-11D3-BF4B-00C04F79EFBC}") = "insignia", "tools\insignia\insignia.csproj", "{593335AA-CB55-4CD4-9089-06DA8C6E8EA3}"
EndProject
Project("{FAE04EC0-301F-11D3-BF4B-00C04F79EFBC}") = "melt", "tools\melt\melt.csproj", "{B92D961C-F7D5-49D3-BFC0-70A3133930A4}"
EndProject
Project("{FAE04EC0-301F-11D3-BF4B-00C04F79EFBC}") = "WixToolset.Data", "libs\WixToolset.Data\WixToolset.Data.csproj", "{6A98499E-40EC-4335-9C31-96A2511D47C6}"
EndProject
Project("{FAE04EC0-301F-11D3-BF4B-00C04F79EFBC}") = "WixToolset.Extensibility", "libs\WixToolset.Extensibility\WixToolset.Extensibility.csproj", "{EEE88C2A-45A0-4E48-A40A-431A4BA458D8}"
EndProject
Project("{FAE04EC0-301F-11D3-BF4B-00C04F79EFBC}") = "shine", "tools\shine\shine.csproj", "{A7893362-BAC2-4F90-A7C3-B9F0EF7414CC}"
EndProject
Project("{FAE04EC0-301F-11D3-BF4B-00C04F79EFBC}") = "WixCop", "tools\wixcop\WixCop.csproj", "{93982760-E620-499A-9525-5763E813CB49}"
EndProject
Project("{2150E333-8FDC-42A3-9474-1A3956D46DE8}") = "unittest", "unittest", "{039FBBC7-097F-49F9-8C03-08F3AAE60E66}"
EndProject
Project("{FAE04EC0-301F-11D3-BF4B-00C04F79EFBC}") = "WixUnitTest", "..\test\src\UnitTests\wix\WixUnitTest.csproj", "{D91B33CA-8F85-4759-B8BF-1B50FDECC91C}"
EndProject
Global
	GlobalSection(SolutionConfigurationPlatforms) = preSolution
		Debug|Any CPU = Debug|Any CPU
		Debug|arm = Debug|arm
		Debug|Mixed Platforms = Debug|Mixed Platforms
		Debug|Win32 = Debug|Win32
		Debug|x64 = Debug|x64
		Debug|x86 = Debug|x86
		Release|Any CPU = Release|Any CPU
		Release|arm = Release|arm
		Release|Mixed Platforms = Release|Mixed Platforms
		Release|Win32 = Release|Win32
		Release|x64 = Release|x64
		Release|x86 = Release|x86
	EndGlobalSection
	GlobalSection(ProjectConfigurationPlatforms) = postSolution
		{9E03A94C-C70E-45C6-A269-E737BBD8B319}.Debug|Any CPU.ActiveCfg = Debug|Any CPU
		{9E03A94C-C70E-45C6-A269-E737BBD8B319}.Debug|Any CPU.Build.0 = Debug|Any CPU
		{9E03A94C-C70E-45C6-A269-E737BBD8B319}.Debug|arm.ActiveCfg = Debug|arm
		{9E03A94C-C70E-45C6-A269-E737BBD8B319}.Debug|arm.Build.0 = Debug|arm
		{9E03A94C-C70E-45C6-A269-E737BBD8B319}.Debug|Mixed Platforms.ActiveCfg = Debug|x86
		{9E03A94C-C70E-45C6-A269-E737BBD8B319}.Debug|Mixed Platforms.Build.0 = Debug|x86
		{9E03A94C-C70E-45C6-A269-E737BBD8B319}.Debug|Win32.ActiveCfg = Debug|Win32
		{9E03A94C-C70E-45C6-A269-E737BBD8B319}.Debug|Win32.Build.0 = Debug|Win32
		{9E03A94C-C70E-45C6-A269-E737BBD8B319}.Debug|x64.ActiveCfg = Debug|x64
		{9E03A94C-C70E-45C6-A269-E737BBD8B319}.Debug|x64.Build.0 = Debug|x64
		{9E03A94C-C70E-45C6-A269-E737BBD8B319}.Debug|x86.ActiveCfg = Debug|x86
		{9E03A94C-C70E-45C6-A269-E737BBD8B319}.Debug|x86.Build.0 = Debug|x86
		{9E03A94C-C70E-45C6-A269-E737BBD8B319}.Release|Any CPU.ActiveCfg = Release|Any CPU
		{9E03A94C-C70E-45C6-A269-E737BBD8B319}.Release|Any CPU.Build.0 = Release|Any CPU
		{9E03A94C-C70E-45C6-A269-E737BBD8B319}.Release|arm.ActiveCfg = Release|arm
		{9E03A94C-C70E-45C6-A269-E737BBD8B319}.Release|arm.Build.0 = Release|arm
		{9E03A94C-C70E-45C6-A269-E737BBD8B319}.Release|Mixed Platforms.ActiveCfg = Release|x86
		{9E03A94C-C70E-45C6-A269-E737BBD8B319}.Release|Mixed Platforms.Build.0 = Release|x86
		{9E03A94C-C70E-45C6-A269-E737BBD8B319}.Release|Win32.ActiveCfg = Release|Win32
		{9E03A94C-C70E-45C6-A269-E737BBD8B319}.Release|Win32.Build.0 = Release|Win32
		{9E03A94C-C70E-45C6-A269-E737BBD8B319}.Release|x64.ActiveCfg = Release|x64
		{9E03A94C-C70E-45C6-A269-E737BBD8B319}.Release|x64.Build.0 = Release|x64
		{9E03A94C-C70E-45C6-A269-E737BBD8B319}.Release|x86.ActiveCfg = Release|x86
		{9E03A94C-C70E-45C6-A269-E737BBD8B319}.Release|x86.Build.0 = Release|x86
		{956401A5-3C04-4786-9611-B2AEC6207686}.Debug|Any CPU.ActiveCfg = Debug|Any CPU
		{956401A5-3C04-4786-9611-B2AEC6207686}.Debug|Any CPU.Build.0 = Debug|Any CPU
		{956401A5-3C04-4786-9611-B2AEC6207686}.Debug|arm.ActiveCfg = Debug|arm
		{956401A5-3C04-4786-9611-B2AEC6207686}.Debug|arm.Build.0 = Debug|arm
		{956401A5-3C04-4786-9611-B2AEC6207686}.Debug|Mixed Platforms.ActiveCfg = Debug|x86
		{956401A5-3C04-4786-9611-B2AEC6207686}.Debug|Mixed Platforms.Build.0 = Debug|x86
		{956401A5-3C04-4786-9611-B2AEC6207686}.Debug|Win32.ActiveCfg = Debug|Win32
		{956401A5-3C04-4786-9611-B2AEC6207686}.Debug|Win32.Build.0 = Debug|Win32
		{956401A5-3C04-4786-9611-B2AEC6207686}.Debug|x64.ActiveCfg = Debug|x64
		{956401A5-3C04-4786-9611-B2AEC6207686}.Debug|x64.Build.0 = Debug|x64
		{956401A5-3C04-4786-9611-B2AEC6207686}.Debug|x86.ActiveCfg = Debug|x86
		{956401A5-3C04-4786-9611-B2AEC6207686}.Debug|x86.Build.0 = Debug|x86
		{956401A5-3C04-4786-9611-B2AEC6207686}.Release|Any CPU.ActiveCfg = Release|Any CPU
		{956401A5-3C04-4786-9611-B2AEC6207686}.Release|Any CPU.Build.0 = Release|Any CPU
		{956401A5-3C04-4786-9611-B2AEC6207686}.Release|arm.ActiveCfg = Release|arm
		{956401A5-3C04-4786-9611-B2AEC6207686}.Release|arm.Build.0 = Release|arm
		{956401A5-3C04-4786-9611-B2AEC6207686}.Release|Mixed Platforms.ActiveCfg = Release|x86
		{956401A5-3C04-4786-9611-B2AEC6207686}.Release|Mixed Platforms.Build.0 = Release|x86
		{956401A5-3C04-4786-9611-B2AEC6207686}.Release|Win32.ActiveCfg = Release|Win32
		{956401A5-3C04-4786-9611-B2AEC6207686}.Release|Win32.Build.0 = Release|Win32
		{956401A5-3C04-4786-9611-B2AEC6207686}.Release|x64.ActiveCfg = Release|x64
		{956401A5-3C04-4786-9611-B2AEC6207686}.Release|x64.Build.0 = Release|x64
		{956401A5-3C04-4786-9611-B2AEC6207686}.Release|x86.ActiveCfg = Release|x86
		{956401A5-3C04-4786-9611-B2AEC6207686}.Release|x86.Build.0 = Release|x86
		{90556207-597F-4046-9404-5BE6B3CC0938}.Debug|Any CPU.ActiveCfg = Debug|Any CPU
		{90556207-597F-4046-9404-5BE6B3CC0938}.Debug|Any CPU.Build.0 = Debug|Any CPU
		{90556207-597F-4046-9404-5BE6B3CC0938}.Debug|arm.ActiveCfg = Debug|arm
		{90556207-597F-4046-9404-5BE6B3CC0938}.Debug|arm.Build.0 = Debug|arm
		{90556207-597F-4046-9404-5BE6B3CC0938}.Debug|Mixed Platforms.ActiveCfg = Debug|x86
		{90556207-597F-4046-9404-5BE6B3CC0938}.Debug|Mixed Platforms.Build.0 = Debug|x86
		{90556207-597F-4046-9404-5BE6B3CC0938}.Debug|Win32.ActiveCfg = Debug|Win32
		{90556207-597F-4046-9404-5BE6B3CC0938}.Debug|Win32.Build.0 = Debug|Win32
		{90556207-597F-4046-9404-5BE6B3CC0938}.Debug|x64.ActiveCfg = Debug|x64
		{90556207-597F-4046-9404-5BE6B3CC0938}.Debug|x64.Build.0 = Debug|x64
		{90556207-597F-4046-9404-5BE6B3CC0938}.Debug|x86.ActiveCfg = Debug|x86
		{90556207-597F-4046-9404-5BE6B3CC0938}.Debug|x86.Build.0 = Debug|x86
		{90556207-597F-4046-9404-5BE6B3CC0938}.Release|Any CPU.ActiveCfg = Release|Any CPU
		{90556207-597F-4046-9404-5BE6B3CC0938}.Release|Any CPU.Build.0 = Release|Any CPU
		{90556207-597F-4046-9404-5BE6B3CC0938}.Release|arm.ActiveCfg = Release|arm
		{90556207-597F-4046-9404-5BE6B3CC0938}.Release|arm.Build.0 = Release|arm
		{90556207-597F-4046-9404-5BE6B3CC0938}.Release|Mixed Platforms.ActiveCfg = Release|x86
		{90556207-597F-4046-9404-5BE6B3CC0938}.Release|Mixed Platforms.Build.0 = Release|x86
		{90556207-597F-4046-9404-5BE6B3CC0938}.Release|Win32.ActiveCfg = Release|Win32
		{90556207-597F-4046-9404-5BE6B3CC0938}.Release|Win32.Build.0 = Release|Win32
		{90556207-597F-4046-9404-5BE6B3CC0938}.Release|x64.ActiveCfg = Release|x64
		{90556207-597F-4046-9404-5BE6B3CC0938}.Release|x64.Build.0 = Release|x64
		{90556207-597F-4046-9404-5BE6B3CC0938}.Release|x86.ActiveCfg = Release|x86
		{90556207-597F-4046-9404-5BE6B3CC0938}.Release|x86.Build.0 = Release|x86
		{B4271B16-88B7-499A-881B-2813C1DB6285}.Debug|Any CPU.ActiveCfg = Debug|Any CPU
		{B4271B16-88B7-499A-881B-2813C1DB6285}.Debug|Any CPU.Build.0 = Debug|Any CPU
		{B4271B16-88B7-499A-881B-2813C1DB6285}.Debug|arm.ActiveCfg = Debug|arm
		{B4271B16-88B7-499A-881B-2813C1DB6285}.Debug|arm.Build.0 = Debug|arm
		{B4271B16-88B7-499A-881B-2813C1DB6285}.Debug|Mixed Platforms.ActiveCfg = Debug|x86
		{B4271B16-88B7-499A-881B-2813C1DB6285}.Debug|Mixed Platforms.Build.0 = Debug|x86
		{B4271B16-88B7-499A-881B-2813C1DB6285}.Debug|Win32.ActiveCfg = Debug|Win32
		{B4271B16-88B7-499A-881B-2813C1DB6285}.Debug|Win32.Build.0 = Debug|Win32
		{B4271B16-88B7-499A-881B-2813C1DB6285}.Debug|x64.ActiveCfg = Debug|x64
		{B4271B16-88B7-499A-881B-2813C1DB6285}.Debug|x64.Build.0 = Debug|x64
		{B4271B16-88B7-499A-881B-2813C1DB6285}.Debug|x86.ActiveCfg = Debug|x86
		{B4271B16-88B7-499A-881B-2813C1DB6285}.Debug|x86.Build.0 = Debug|x86
		{B4271B16-88B7-499A-881B-2813C1DB6285}.Release|Any CPU.ActiveCfg = Release|Any CPU
		{B4271B16-88B7-499A-881B-2813C1DB6285}.Release|Any CPU.Build.0 = Release|Any CPU
		{B4271B16-88B7-499A-881B-2813C1DB6285}.Release|arm.ActiveCfg = Release|arm
		{B4271B16-88B7-499A-881B-2813C1DB6285}.Release|arm.Build.0 = Release|arm
		{B4271B16-88B7-499A-881B-2813C1DB6285}.Release|Mixed Platforms.ActiveCfg = Release|x86
		{B4271B16-88B7-499A-881B-2813C1DB6285}.Release|Mixed Platforms.Build.0 = Release|x86
		{B4271B16-88B7-499A-881B-2813C1DB6285}.Release|Win32.ActiveCfg = Release|Win32
		{B4271B16-88B7-499A-881B-2813C1DB6285}.Release|Win32.Build.0 = Release|Win32
		{B4271B16-88B7-499A-881B-2813C1DB6285}.Release|x64.ActiveCfg = Release|x64
		{B4271B16-88B7-499A-881B-2813C1DB6285}.Release|x64.Build.0 = Release|x64
		{B4271B16-88B7-499A-881B-2813C1DB6285}.Release|x86.ActiveCfg = Release|x86
		{B4271B16-88B7-499A-881B-2813C1DB6285}.Release|x86.Build.0 = Release|x86
		{E004FD60-0C2C-4165-8E25-21E9A9AD155D}.Debug|Any CPU.ActiveCfg = Debug|Any CPU
		{E004FD60-0C2C-4165-8E25-21E9A9AD155D}.Debug|Any CPU.Build.0 = Debug|Any CPU
		{E004FD60-0C2C-4165-8E25-21E9A9AD155D}.Debug|arm.ActiveCfg = Debug|arm
		{E004FD60-0C2C-4165-8E25-21E9A9AD155D}.Debug|arm.Build.0 = Debug|arm
		{E004FD60-0C2C-4165-8E25-21E9A9AD155D}.Debug|Mixed Platforms.ActiveCfg = Debug|x86
		{E004FD60-0C2C-4165-8E25-21E9A9AD155D}.Debug|Mixed Platforms.Build.0 = Debug|x86
		{E004FD60-0C2C-4165-8E25-21E9A9AD155D}.Debug|Win32.ActiveCfg = Debug|Win32
		{E004FD60-0C2C-4165-8E25-21E9A9AD155D}.Debug|Win32.Build.0 = Debug|Win32
		{E004FD60-0C2C-4165-8E25-21E9A9AD155D}.Debug|x64.ActiveCfg = Debug|x64
		{E004FD60-0C2C-4165-8E25-21E9A9AD155D}.Debug|x64.Build.0 = Debug|x64
		{E004FD60-0C2C-4165-8E25-21E9A9AD155D}.Debug|x86.ActiveCfg = Debug|x86
		{E004FD60-0C2C-4165-8E25-21E9A9AD155D}.Debug|x86.Build.0 = Debug|x86
		{E004FD60-0C2C-4165-8E25-21E9A9AD155D}.Release|Any CPU.ActiveCfg = Release|Any CPU
		{E004FD60-0C2C-4165-8E25-21E9A9AD155D}.Release|Any CPU.Build.0 = Release|Any CPU
		{E004FD60-0C2C-4165-8E25-21E9A9AD155D}.Release|arm.ActiveCfg = Release|arm
		{E004FD60-0C2C-4165-8E25-21E9A9AD155D}.Release|arm.Build.0 = Release|arm
		{E004FD60-0C2C-4165-8E25-21E9A9AD155D}.Release|Mixed Platforms.ActiveCfg = Release|x86
		{E004FD60-0C2C-4165-8E25-21E9A9AD155D}.Release|Mixed Platforms.Build.0 = Release|x86
		{E004FD60-0C2C-4165-8E25-21E9A9AD155D}.Release|Win32.ActiveCfg = Release|Win32
		{E004FD60-0C2C-4165-8E25-21E9A9AD155D}.Release|Win32.Build.0 = Release|Win32
		{E004FD60-0C2C-4165-8E25-21E9A9AD155D}.Release|x64.ActiveCfg = Release|x64
		{E004FD60-0C2C-4165-8E25-21E9A9AD155D}.Release|x64.Build.0 = Release|x64
		{E004FD60-0C2C-4165-8E25-21E9A9AD155D}.Release|x86.ActiveCfg = Release|x86
		{E004FD60-0C2C-4165-8E25-21E9A9AD155D}.Release|x86.Build.0 = Release|x86
		{97B3B5DF-70D2-4658-9259-1DB34976F89F}.Debug|Any CPU.ActiveCfg = Debug|Any CPU
		{97B3B5DF-70D2-4658-9259-1DB34976F89F}.Debug|Any CPU.Build.0 = Debug|Any CPU
		{97B3B5DF-70D2-4658-9259-1DB34976F89F}.Debug|arm.ActiveCfg = Debug|arm
		{97B3B5DF-70D2-4658-9259-1DB34976F89F}.Debug|arm.Build.0 = Debug|arm
		{97B3B5DF-70D2-4658-9259-1DB34976F89F}.Debug|Mixed Platforms.ActiveCfg = Debug|x86
		{97B3B5DF-70D2-4658-9259-1DB34976F89F}.Debug|Mixed Platforms.Build.0 = Debug|x86
		{97B3B5DF-70D2-4658-9259-1DB34976F89F}.Debug|Win32.ActiveCfg = Debug|Win32
		{97B3B5DF-70D2-4658-9259-1DB34976F89F}.Debug|Win32.Build.0 = Debug|Win32
		{97B3B5DF-70D2-4658-9259-1DB34976F89F}.Debug|x64.ActiveCfg = Debug|x64
		{97B3B5DF-70D2-4658-9259-1DB34976F89F}.Debug|x64.Build.0 = Debug|x64
		{97B3B5DF-70D2-4658-9259-1DB34976F89F}.Debug|x86.ActiveCfg = Debug|x86
		{97B3B5DF-70D2-4658-9259-1DB34976F89F}.Debug|x86.Build.0 = Debug|x86
		{97B3B5DF-70D2-4658-9259-1DB34976F89F}.Release|Any CPU.ActiveCfg = Release|Any CPU
		{97B3B5DF-70D2-4658-9259-1DB34976F89F}.Release|Any CPU.Build.0 = Release|Any CPU
		{97B3B5DF-70D2-4658-9259-1DB34976F89F}.Release|arm.ActiveCfg = Release|arm
		{97B3B5DF-70D2-4658-9259-1DB34976F89F}.Release|arm.Build.0 = Release|arm
		{97B3B5DF-70D2-4658-9259-1DB34976F89F}.Release|Mixed Platforms.ActiveCfg = Release|x86
		{97B3B5DF-70D2-4658-9259-1DB34976F89F}.Release|Mixed Platforms.Build.0 = Release|x86
		{97B3B5DF-70D2-4658-9259-1DB34976F89F}.Release|Win32.ActiveCfg = Release|Win32
		{97B3B5DF-70D2-4658-9259-1DB34976F89F}.Release|Win32.Build.0 = Release|Win32
		{97B3B5DF-70D2-4658-9259-1DB34976F89F}.Release|x64.ActiveCfg = Release|x64
		{97B3B5DF-70D2-4658-9259-1DB34976F89F}.Release|x64.Build.0 = Release|x64
		{97B3B5DF-70D2-4658-9259-1DB34976F89F}.Release|x86.ActiveCfg = Release|x86
		{97B3B5DF-70D2-4658-9259-1DB34976F89F}.Release|x86.Build.0 = Release|x86
		{351FF633-899B-4411-9866-4C7838AD109F}.Debug|Any CPU.ActiveCfg = Debug|Any CPU
		{351FF633-899B-4411-9866-4C7838AD109F}.Debug|Any CPU.Build.0 = Debug|Any CPU
		{351FF633-899B-4411-9866-4C7838AD109F}.Debug|arm.ActiveCfg = Debug|arm
		{351FF633-899B-4411-9866-4C7838AD109F}.Debug|arm.Build.0 = Debug|arm
		{351FF633-899B-4411-9866-4C7838AD109F}.Debug|Mixed Platforms.ActiveCfg = Debug|x86
		{351FF633-899B-4411-9866-4C7838AD109F}.Debug|Mixed Platforms.Build.0 = Debug|x86
		{351FF633-899B-4411-9866-4C7838AD109F}.Debug|Win32.ActiveCfg = Debug|Win32
		{351FF633-899B-4411-9866-4C7838AD109F}.Debug|Win32.Build.0 = Debug|Win32
		{351FF633-899B-4411-9866-4C7838AD109F}.Debug|x64.ActiveCfg = Debug|x64
		{351FF633-899B-4411-9866-4C7838AD109F}.Debug|x64.Build.0 = Debug|x64
		{351FF633-899B-4411-9866-4C7838AD109F}.Debug|x86.ActiveCfg = Debug|x86
		{351FF633-899B-4411-9866-4C7838AD109F}.Debug|x86.Build.0 = Debug|x86
		{351FF633-899B-4411-9866-4C7838AD109F}.Release|Any CPU.ActiveCfg = Release|Any CPU
		{351FF633-899B-4411-9866-4C7838AD109F}.Release|Any CPU.Build.0 = Release|Any CPU
		{351FF633-899B-4411-9866-4C7838AD109F}.Release|arm.ActiveCfg = Release|arm
		{351FF633-899B-4411-9866-4C7838AD109F}.Release|arm.Build.0 = Release|arm
		{351FF633-899B-4411-9866-4C7838AD109F}.Release|Mixed Platforms.ActiveCfg = Release|x86
		{351FF633-899B-4411-9866-4C7838AD109F}.Release|Mixed Platforms.Build.0 = Release|x86
		{351FF633-899B-4411-9866-4C7838AD109F}.Release|Win32.ActiveCfg = Release|Win32
		{351FF633-899B-4411-9866-4C7838AD109F}.Release|Win32.Build.0 = Release|Win32
		{351FF633-899B-4411-9866-4C7838AD109F}.Release|x64.ActiveCfg = Release|x64
		{351FF633-899B-4411-9866-4C7838AD109F}.Release|x64.Build.0 = Release|x64
		{351FF633-899B-4411-9866-4C7838AD109F}.Release|x86.ActiveCfg = Release|x86
		{351FF633-899B-4411-9866-4C7838AD109F}.Release|x86.Build.0 = Release|x86
		{7BC95599-2920-4824-B9F9-B21D8CFF061B}.Debug|Any CPU.ActiveCfg = Debug|Any CPU
		{7BC95599-2920-4824-B9F9-B21D8CFF061B}.Debug|Any CPU.Build.0 = Debug|Any CPU
		{7BC95599-2920-4824-B9F9-B21D8CFF061B}.Debug|arm.ActiveCfg = Debug|arm
		{7BC95599-2920-4824-B9F9-B21D8CFF061B}.Debug|arm.Build.0 = Debug|arm
		{7BC95599-2920-4824-B9F9-B21D8CFF061B}.Debug|Mixed Platforms.ActiveCfg = Debug|x86
		{7BC95599-2920-4824-B9F9-B21D8CFF061B}.Debug|Mixed Platforms.Build.0 = Debug|x86
		{7BC95599-2920-4824-B9F9-B21D8CFF061B}.Debug|Win32.ActiveCfg = Debug|Win32
		{7BC95599-2920-4824-B9F9-B21D8CFF061B}.Debug|Win32.Build.0 = Debug|Win32
		{7BC95599-2920-4824-B9F9-B21D8CFF061B}.Debug|x64.ActiveCfg = Debug|x64
		{7BC95599-2920-4824-B9F9-B21D8CFF061B}.Debug|x64.Build.0 = Debug|x64
		{7BC95599-2920-4824-B9F9-B21D8CFF061B}.Debug|x86.ActiveCfg = Debug|x86
		{7BC95599-2920-4824-B9F9-B21D8CFF061B}.Debug|x86.Build.0 = Debug|x86
		{7BC95599-2920-4824-B9F9-B21D8CFF061B}.Release|Any CPU.ActiveCfg = Release|Any CPU
		{7BC95599-2920-4824-B9F9-B21D8CFF061B}.Release|Any CPU.Build.0 = Release|Any CPU
		{7BC95599-2920-4824-B9F9-B21D8CFF061B}.Release|arm.ActiveCfg = Release|arm
		{7BC95599-2920-4824-B9F9-B21D8CFF061B}.Release|arm.Build.0 = Release|arm
		{7BC95599-2920-4824-B9F9-B21D8CFF061B}.Release|Mixed Platforms.ActiveCfg = Release|x86
		{7BC95599-2920-4824-B9F9-B21D8CFF061B}.Release|Mixed Platforms.Build.0 = Release|x86
		{7BC95599-2920-4824-B9F9-B21D8CFF061B}.Release|Win32.ActiveCfg = Release|Win32
		{7BC95599-2920-4824-B9F9-B21D8CFF061B}.Release|Win32.Build.0 = Release|Win32
		{7BC95599-2920-4824-B9F9-B21D8CFF061B}.Release|x64.ActiveCfg = Release|x64
		{7BC95599-2920-4824-B9F9-B21D8CFF061B}.Release|x64.Build.0 = Release|x64
		{7BC95599-2920-4824-B9F9-B21D8CFF061B}.Release|x86.ActiveCfg = Release|x86
		{7BC95599-2920-4824-B9F9-B21D8CFF061B}.Release|x86.Build.0 = Release|x86
		{4B2BD779-59F7-4BF1-871C-A75952BCA749}.Debug|Any CPU.ActiveCfg = Debug|Any CPU
		{4B2BD779-59F7-4BF1-871C-A75952BCA749}.Debug|Any CPU.Build.0 = Debug|Any CPU
		{4B2BD779-59F7-4BF1-871C-A75952BCA749}.Debug|arm.ActiveCfg = Debug|arm
		{4B2BD779-59F7-4BF1-871C-A75952BCA749}.Debug|arm.Build.0 = Debug|arm
		{4B2BD779-59F7-4BF1-871C-A75952BCA749}.Debug|Mixed Platforms.ActiveCfg = Debug|x86
		{4B2BD779-59F7-4BF1-871C-A75952BCA749}.Debug|Mixed Platforms.Build.0 = Debug|x86
		{4B2BD779-59F7-4BF1-871C-A75952BCA749}.Debug|Win32.ActiveCfg = Debug|Win32
		{4B2BD779-59F7-4BF1-871C-A75952BCA749}.Debug|Win32.Build.0 = Debug|Win32
		{4B2BD779-59F7-4BF1-871C-A75952BCA749}.Debug|x64.ActiveCfg = Debug|x64
		{4B2BD779-59F7-4BF1-871C-A75952BCA749}.Debug|x64.Build.0 = Debug|x64
		{4B2BD779-59F7-4BF1-871C-A75952BCA749}.Debug|x86.ActiveCfg = Debug|x86
		{4B2BD779-59F7-4BF1-871C-A75952BCA749}.Debug|x86.Build.0 = Debug|x86
		{4B2BD779-59F7-4BF1-871C-A75952BCA749}.Release|Any CPU.ActiveCfg = Release|Any CPU
		{4B2BD779-59F7-4BF1-871C-A75952BCA749}.Release|Any CPU.Build.0 = Release|Any CPU
		{4B2BD779-59F7-4BF1-871C-A75952BCA749}.Release|arm.ActiveCfg = Release|arm
		{4B2BD779-59F7-4BF1-871C-A75952BCA749}.Release|arm.Build.0 = Release|arm
		{4B2BD779-59F7-4BF1-871C-A75952BCA749}.Release|Mixed Platforms.ActiveCfg = Release|x86
		{4B2BD779-59F7-4BF1-871C-A75952BCA749}.Release|Mixed Platforms.Build.0 = Release|x86
		{4B2BD779-59F7-4BF1-871C-A75952BCA749}.Release|Win32.ActiveCfg = Release|Win32
		{4B2BD779-59F7-4BF1-871C-A75952BCA749}.Release|Win32.Build.0 = Release|Win32
		{4B2BD779-59F7-4BF1-871C-A75952BCA749}.Release|x64.ActiveCfg = Release|x64
		{4B2BD779-59F7-4BF1-871C-A75952BCA749}.Release|x64.Build.0 = Release|x64
		{4B2BD779-59F7-4BF1-871C-A75952BCA749}.Release|x86.ActiveCfg = Release|x86
		{4B2BD779-59F7-4BF1-871C-A75952BCA749}.Release|x86.Build.0 = Release|x86
		{EC5BD7DE-29C4-4FDC-9953-8707B6DBDB00}.Debug|Any CPU.ActiveCfg = Debug|Any CPU
		{EC5BD7DE-29C4-4FDC-9953-8707B6DBDB00}.Debug|Any CPU.Build.0 = Debug|Any CPU
		{EC5BD7DE-29C4-4FDC-9953-8707B6DBDB00}.Debug|arm.ActiveCfg = Debug|arm
		{EC5BD7DE-29C4-4FDC-9953-8707B6DBDB00}.Debug|arm.Build.0 = Debug|arm
		{EC5BD7DE-29C4-4FDC-9953-8707B6DBDB00}.Debug|Mixed Platforms.ActiveCfg = Debug|x86
		{EC5BD7DE-29C4-4FDC-9953-8707B6DBDB00}.Debug|Mixed Platforms.Build.0 = Debug|x86
		{EC5BD7DE-29C4-4FDC-9953-8707B6DBDB00}.Debug|Win32.ActiveCfg = Debug|Win32
		{EC5BD7DE-29C4-4FDC-9953-8707B6DBDB00}.Debug|Win32.Build.0 = Debug|Win32
		{EC5BD7DE-29C4-4FDC-9953-8707B6DBDB00}.Debug|x64.ActiveCfg = Debug|x64
		{EC5BD7DE-29C4-4FDC-9953-8707B6DBDB00}.Debug|x64.Build.0 = Debug|x64
		{EC5BD7DE-29C4-4FDC-9953-8707B6DBDB00}.Debug|x86.ActiveCfg = Debug|x86
		{EC5BD7DE-29C4-4FDC-9953-8707B6DBDB00}.Debug|x86.Build.0 = Debug|x86
		{EC5BD7DE-29C4-4FDC-9953-8707B6DBDB00}.Release|Any CPU.ActiveCfg = Release|Any CPU
		{EC5BD7DE-29C4-4FDC-9953-8707B6DBDB00}.Release|Any CPU.Build.0 = Release|Any CPU
		{EC5BD7DE-29C4-4FDC-9953-8707B6DBDB00}.Release|arm.ActiveCfg = Release|arm
		{EC5BD7DE-29C4-4FDC-9953-8707B6DBDB00}.Release|arm.Build.0 = Release|arm
		{EC5BD7DE-29C4-4FDC-9953-8707B6DBDB00}.Release|Mixed Platforms.ActiveCfg = Release|x86
		{EC5BD7DE-29C4-4FDC-9953-8707B6DBDB00}.Release|Mixed Platforms.Build.0 = Release|x86
		{EC5BD7DE-29C4-4FDC-9953-8707B6DBDB00}.Release|Win32.ActiveCfg = Release|Win32
		{EC5BD7DE-29C4-4FDC-9953-8707B6DBDB00}.Release|Win32.Build.0 = Release|Win32
		{EC5BD7DE-29C4-4FDC-9953-8707B6DBDB00}.Release|x64.ActiveCfg = Release|x64
		{EC5BD7DE-29C4-4FDC-9953-8707B6DBDB00}.Release|x64.Build.0 = Release|x64
		{EC5BD7DE-29C4-4FDC-9953-8707B6DBDB00}.Release|x86.ActiveCfg = Release|x86
		{EC5BD7DE-29C4-4FDC-9953-8707B6DBDB00}.Release|x86.Build.0 = Release|x86
		{21E8F2D3-EF19-49C8-88CA-A22C5B91DFDC}.Debug|Any CPU.ActiveCfg = Debug|Any CPU
		{21E8F2D3-EF19-49C8-88CA-A22C5B91DFDC}.Debug|Any CPU.Build.0 = Debug|Any CPU
		{21E8F2D3-EF19-49C8-88CA-A22C5B91DFDC}.Debug|arm.ActiveCfg = Debug|arm
		{21E8F2D3-EF19-49C8-88CA-A22C5B91DFDC}.Debug|arm.Build.0 = Debug|arm
		{21E8F2D3-EF19-49C8-88CA-A22C5B91DFDC}.Debug|Mixed Platforms.ActiveCfg = Debug|x86
		{21E8F2D3-EF19-49C8-88CA-A22C5B91DFDC}.Debug|Mixed Platforms.Build.0 = Debug|x86
		{21E8F2D3-EF19-49C8-88CA-A22C5B91DFDC}.Debug|Win32.ActiveCfg = Debug|Win32
		{21E8F2D3-EF19-49C8-88CA-A22C5B91DFDC}.Debug|Win32.Build.0 = Debug|Win32
		{21E8F2D3-EF19-49C8-88CA-A22C5B91DFDC}.Debug|x64.ActiveCfg = Debug|x64
		{21E8F2D3-EF19-49C8-88CA-A22C5B91DFDC}.Debug|x64.Build.0 = Debug|x64
		{21E8F2D3-EF19-49C8-88CA-A22C5B91DFDC}.Debug|x86.ActiveCfg = Debug|x86
		{21E8F2D3-EF19-49C8-88CA-A22C5B91DFDC}.Debug|x86.Build.0 = Debug|x86
		{21E8F2D3-EF19-49C8-88CA-A22C5B91DFDC}.Release|Any CPU.ActiveCfg = Release|Any CPU
		{21E8F2D3-EF19-49C8-88CA-A22C5B91DFDC}.Release|Any CPU.Build.0 = Release|Any CPU
		{21E8F2D3-EF19-49C8-88CA-A22C5B91DFDC}.Release|arm.ActiveCfg = Release|arm
		{21E8F2D3-EF19-49C8-88CA-A22C5B91DFDC}.Release|arm.Build.0 = Release|arm
		{21E8F2D3-EF19-49C8-88CA-A22C5B91DFDC}.Release|Mixed Platforms.ActiveCfg = Release|x86
		{21E8F2D3-EF19-49C8-88CA-A22C5B91DFDC}.Release|Mixed Platforms.Build.0 = Release|x86
		{21E8F2D3-EF19-49C8-88CA-A22C5B91DFDC}.Release|Win32.ActiveCfg = Release|Win32
		{21E8F2D3-EF19-49C8-88CA-A22C5B91DFDC}.Release|Win32.Build.0 = Release|Win32
		{21E8F2D3-EF19-49C8-88CA-A22C5B91DFDC}.Release|x64.ActiveCfg = Release|x64
		{21E8F2D3-EF19-49C8-88CA-A22C5B91DFDC}.Release|x64.Build.0 = Release|x64
		{21E8F2D3-EF19-49C8-88CA-A22C5B91DFDC}.Release|x86.ActiveCfg = Release|x86
		{21E8F2D3-EF19-49C8-88CA-A22C5B91DFDC}.Release|x86.Build.0 = Release|x86
		{24121677-0ED0-41B5-833F-1B9A18E87BF4}.Debug|Any CPU.ActiveCfg = Debug|Any CPU
		{24121677-0ED0-41B5-833F-1B9A18E87BF4}.Debug|Any CPU.Build.0 = Debug|Any CPU
		{24121677-0ED0-41B5-833F-1B9A18E87BF4}.Debug|arm.ActiveCfg = Debug|arm
		{24121677-0ED0-41B5-833F-1B9A18E87BF4}.Debug|arm.Build.0 = Debug|arm
		{24121677-0ED0-41B5-833F-1B9A18E87BF4}.Debug|Mixed Platforms.ActiveCfg = Debug|x86
		{24121677-0ED0-41B5-833F-1B9A18E87BF4}.Debug|Mixed Platforms.Build.0 = Debug|x86
		{24121677-0ED0-41B5-833F-1B9A18E87BF4}.Debug|Win32.ActiveCfg = Debug|Win32
		{24121677-0ED0-41B5-833F-1B9A18E87BF4}.Debug|Win32.Build.0 = Debug|Win32
		{24121677-0ED0-41B5-833F-1B9A18E87BF4}.Debug|x64.ActiveCfg = Debug|x64
		{24121677-0ED0-41B5-833F-1B9A18E87BF4}.Debug|x64.Build.0 = Debug|x64
		{24121677-0ED0-41B5-833F-1B9A18E87BF4}.Debug|x86.ActiveCfg = Debug|x86
		{24121677-0ED0-41B5-833F-1B9A18E87BF4}.Debug|x86.Build.0 = Debug|x86
		{24121677-0ED0-41B5-833F-1B9A18E87BF4}.Release|Any CPU.ActiveCfg = Release|Any CPU
		{24121677-0ED0-41B5-833F-1B9A18E87BF4}.Release|Any CPU.Build.0 = Release|Any CPU
		{24121677-0ED0-41B5-833F-1B9A18E87BF4}.Release|arm.ActiveCfg = Release|arm
		{24121677-0ED0-41B5-833F-1B9A18E87BF4}.Release|arm.Build.0 = Release|arm
		{24121677-0ED0-41B5-833F-1B9A18E87BF4}.Release|Mixed Platforms.ActiveCfg = Release|x86
		{24121677-0ED0-41B5-833F-1B9A18E87BF4}.Release|Mixed Platforms.Build.0 = Release|x86
		{24121677-0ED0-41B5-833F-1B9A18E87BF4}.Release|Win32.ActiveCfg = Release|Win32
		{24121677-0ED0-41B5-833F-1B9A18E87BF4}.Release|Win32.Build.0 = Release|Win32
		{24121677-0ED0-41B5-833F-1B9A18E87BF4}.Release|x64.ActiveCfg = Release|x64
		{24121677-0ED0-41B5-833F-1B9A18E87BF4}.Release|x64.Build.0 = Release|x64
		{24121677-0ED0-41B5-833F-1B9A18E87BF4}.Release|x86.ActiveCfg = Release|x86
		{24121677-0ED0-41B5-833F-1B9A18E87BF4}.Release|x86.Build.0 = Release|x86
		{44931ECB-8D6F-4C12-A872-64E261B6A98E}.Debug|Any CPU.ActiveCfg = Debug|Any CPU
		{44931ECB-8D6F-4C12-A872-64E261B6A98E}.Debug|Any CPU.Build.0 = Debug|Any CPU
		{44931ECB-8D6F-4C12-A872-64E261B6A98E}.Debug|arm.ActiveCfg = Debug|arm
		{44931ECB-8D6F-4C12-A872-64E261B6A98E}.Debug|arm.Build.0 = Debug|arm
		{44931ECB-8D6F-4C12-A872-64E261B6A98E}.Debug|Mixed Platforms.ActiveCfg = Debug|x86
		{44931ECB-8D6F-4C12-A872-64E261B6A98E}.Debug|Mixed Platforms.Build.0 = Debug|x86
		{44931ECB-8D6F-4C12-A872-64E261B6A98E}.Debug|Win32.ActiveCfg = Debug|Win32
		{44931ECB-8D6F-4C12-A872-64E261B6A98E}.Debug|Win32.Build.0 = Debug|Win32
		{44931ECB-8D6F-4C12-A872-64E261B6A98E}.Debug|x64.ActiveCfg = Debug|x64
		{44931ECB-8D6F-4C12-A872-64E261B6A98E}.Debug|x64.Build.0 = Debug|x64
		{44931ECB-8D6F-4C12-A872-64E261B6A98E}.Debug|x86.ActiveCfg = Debug|x86
		{44931ECB-8D6F-4C12-A872-64E261B6A98E}.Debug|x86.Build.0 = Debug|x86
		{44931ECB-8D6F-4C12-A872-64E261B6A98E}.Release|Any CPU.ActiveCfg = Release|Any CPU
		{44931ECB-8D6F-4C12-A872-64E261B6A98E}.Release|Any CPU.Build.0 = Release|Any CPU
		{44931ECB-8D6F-4C12-A872-64E261B6A98E}.Release|arm.ActiveCfg = Release|arm
		{44931ECB-8D6F-4C12-A872-64E261B6A98E}.Release|arm.Build.0 = Release|arm
		{44931ECB-8D6F-4C12-A872-64E261B6A98E}.Release|Mixed Platforms.ActiveCfg = Release|x86
		{44931ECB-8D6F-4C12-A872-64E261B6A98E}.Release|Mixed Platforms.Build.0 = Release|x86
		{44931ECB-8D6F-4C12-A872-64E261B6A98E}.Release|Win32.ActiveCfg = Release|Win32
		{44931ECB-8D6F-4C12-A872-64E261B6A98E}.Release|Win32.Build.0 = Release|Win32
		{44931ECB-8D6F-4C12-A872-64E261B6A98E}.Release|x64.ActiveCfg = Release|x64
		{44931ECB-8D6F-4C12-A872-64E261B6A98E}.Release|x64.Build.0 = Release|x64
		{44931ECB-8D6F-4C12-A872-64E261B6A98E}.Release|x86.ActiveCfg = Release|x86
		{44931ECB-8D6F-4C12-A872-64E261B6A98E}.Release|x86.Build.0 = Release|x86
		{61F9B185-0025-4609-853C-B870EEF88F25}.Debug|Any CPU.ActiveCfg = Debug|Any CPU
		{61F9B185-0025-4609-853C-B870EEF88F25}.Debug|Any CPU.Build.0 = Debug|Any CPU
		{61F9B185-0025-4609-853C-B870EEF88F25}.Debug|arm.ActiveCfg = Debug|arm
		{61F9B185-0025-4609-853C-B870EEF88F25}.Debug|arm.Build.0 = Debug|arm
		{61F9B185-0025-4609-853C-B870EEF88F25}.Debug|Mixed Platforms.ActiveCfg = Debug|x86
		{61F9B185-0025-4609-853C-B870EEF88F25}.Debug|Mixed Platforms.Build.0 = Debug|x86
		{61F9B185-0025-4609-853C-B870EEF88F25}.Debug|Win32.ActiveCfg = Debug|Win32
		{61F9B185-0025-4609-853C-B870EEF88F25}.Debug|Win32.Build.0 = Debug|Win32
		{61F9B185-0025-4609-853C-B870EEF88F25}.Debug|x64.ActiveCfg = Debug|x64
		{61F9B185-0025-4609-853C-B870EEF88F25}.Debug|x64.Build.0 = Debug|x64
		{61F9B185-0025-4609-853C-B870EEF88F25}.Debug|x86.ActiveCfg = Debug|x86
		{61F9B185-0025-4609-853C-B870EEF88F25}.Debug|x86.Build.0 = Debug|x86
		{61F9B185-0025-4609-853C-B870EEF88F25}.Release|Any CPU.ActiveCfg = Release|Any CPU
		{61F9B185-0025-4609-853C-B870EEF88F25}.Release|Any CPU.Build.0 = Release|Any CPU
		{61F9B185-0025-4609-853C-B870EEF88F25}.Release|arm.ActiveCfg = Release|arm
		{61F9B185-0025-4609-853C-B870EEF88F25}.Release|arm.Build.0 = Release|arm
		{61F9B185-0025-4609-853C-B870EEF88F25}.Release|Mixed Platforms.ActiveCfg = Release|x86
		{61F9B185-0025-4609-853C-B870EEF88F25}.Release|Mixed Platforms.Build.0 = Release|x86
		{61F9B185-0025-4609-853C-B870EEF88F25}.Release|Win32.ActiveCfg = Release|Win32
		{61F9B185-0025-4609-853C-B870EEF88F25}.Release|Win32.Build.0 = Release|Win32
		{61F9B185-0025-4609-853C-B870EEF88F25}.Release|x64.ActiveCfg = Release|x64
		{61F9B185-0025-4609-853C-B870EEF88F25}.Release|x64.Build.0 = Release|x64
		{61F9B185-0025-4609-853C-B870EEF88F25}.Release|x86.ActiveCfg = Release|x86
		{61F9B185-0025-4609-853C-B870EEF88F25}.Release|x86.Build.0 = Release|x86
		{BF720A63-9D7B-456E-B60C-8122852D9FED}.Debug|Any CPU.ActiveCfg = Debug|Any CPU
		{BF720A63-9D7B-456E-B60C-8122852D9FED}.Debug|Any CPU.Build.0 = Debug|Any CPU
		{BF720A63-9D7B-456E-B60C-8122852D9FED}.Debug|arm.ActiveCfg = Debug|arm
		{BF720A63-9D7B-456E-B60C-8122852D9FED}.Debug|arm.Build.0 = Debug|arm
		{BF720A63-9D7B-456E-B60C-8122852D9FED}.Debug|Mixed Platforms.ActiveCfg = Debug|x86
		{BF720A63-9D7B-456E-B60C-8122852D9FED}.Debug|Mixed Platforms.Build.0 = Debug|x86
		{BF720A63-9D7B-456E-B60C-8122852D9FED}.Debug|Win32.ActiveCfg = Debug|Win32
		{BF720A63-9D7B-456E-B60C-8122852D9FED}.Debug|Win32.Build.0 = Debug|Win32
		{BF720A63-9D7B-456E-B60C-8122852D9FED}.Debug|x64.ActiveCfg = Debug|x64
		{BF720A63-9D7B-456E-B60C-8122852D9FED}.Debug|x64.Build.0 = Debug|x64
		{BF720A63-9D7B-456E-B60C-8122852D9FED}.Debug|x86.ActiveCfg = Debug|x86
		{BF720A63-9D7B-456E-B60C-8122852D9FED}.Debug|x86.Build.0 = Debug|x86
		{BF720A63-9D7B-456E-B60C-8122852D9FED}.Release|Any CPU.ActiveCfg = Release|Any CPU
		{BF720A63-9D7B-456E-B60C-8122852D9FED}.Release|Any CPU.Build.0 = Release|Any CPU
		{BF720A63-9D7B-456E-B60C-8122852D9FED}.Release|arm.ActiveCfg = Release|arm
		{BF720A63-9D7B-456E-B60C-8122852D9FED}.Release|arm.Build.0 = Release|arm
		{BF720A63-9D7B-456E-B60C-8122852D9FED}.Release|Mixed Platforms.ActiveCfg = Release|x86
		{BF720A63-9D7B-456E-B60C-8122852D9FED}.Release|Mixed Platforms.Build.0 = Release|x86
		{BF720A63-9D7B-456E-B60C-8122852D9FED}.Release|Win32.ActiveCfg = Release|Win32
		{BF720A63-9D7B-456E-B60C-8122852D9FED}.Release|Win32.Build.0 = Release|Win32
		{BF720A63-9D7B-456E-B60C-8122852D9FED}.Release|x64.ActiveCfg = Release|x64
		{BF720A63-9D7B-456E-B60C-8122852D9FED}.Release|x64.Build.0 = Release|x64
		{BF720A63-9D7B-456E-B60C-8122852D9FED}.Release|x86.ActiveCfg = Release|x86
		{BF720A63-9D7B-456E-B60C-8122852D9FED}.Release|x86.Build.0 = Release|x86
		{26D45E58-E703-431D-B67E-493C72C9DA0B}.Debug|Any CPU.ActiveCfg = Debug|Win32
		{26D45E58-E703-431D-B67E-493C72C9DA0B}.Debug|arm.ActiveCfg = Debug|Win32
		{26D45E58-E703-431D-B67E-493C72C9DA0B}.Debug|Mixed Platforms.ActiveCfg = Debug|Win32
		{26D45E58-E703-431D-B67E-493C72C9DA0B}.Debug|Mixed Platforms.Build.0 = Debug|Win32
		{26D45E58-E703-431D-B67E-493C72C9DA0B}.Debug|Win32.ActiveCfg = Debug|Win32
		{26D45E58-E703-431D-B67E-493C72C9DA0B}.Debug|Win32.Build.0 = Debug|Win32
		{26D45E58-E703-431D-B67E-493C72C9DA0B}.Debug|x64.ActiveCfg = Debug|Win32
		{26D45E58-E703-431D-B67E-493C72C9DA0B}.Debug|x86.ActiveCfg = Debug|Win32
		{26D45E58-E703-431D-B67E-493C72C9DA0B}.Debug|x86.Build.0 = Debug|Win32
		{26D45E58-E703-431D-B67E-493C72C9DA0B}.Release|Any CPU.ActiveCfg = Release|Win32
		{26D45E58-E703-431D-B67E-493C72C9DA0B}.Release|arm.ActiveCfg = Release|Win32
		{26D45E58-E703-431D-B67E-493C72C9DA0B}.Release|Mixed Platforms.ActiveCfg = Release|Win32
		{26D45E58-E703-431D-B67E-493C72C9DA0B}.Release|Mixed Platforms.Build.0 = Release|Win32
		{26D45E58-E703-431D-B67E-493C72C9DA0B}.Release|Win32.ActiveCfg = Release|Win32
		{26D45E58-E703-431D-B67E-493C72C9DA0B}.Release|Win32.Build.0 = Release|Win32
		{26D45E58-E703-431D-B67E-493C72C9DA0B}.Release|x64.ActiveCfg = Release|Win32
		{26D45E58-E703-431D-B67E-493C72C9DA0B}.Release|x86.ActiveCfg = Release|Win32
		{26D45E58-E703-431D-B67E-493C72C9DA0B}.Release|x86.Build.0 = Release|Win32
		{1497B777-330B-4CFE-927A-22850CD24D64}.Debug|Any CPU.ActiveCfg = Debug|Any CPU
		{1497B777-330B-4CFE-927A-22850CD24D64}.Debug|Any CPU.Build.0 = Debug|Any CPU
		{1497B777-330B-4CFE-927A-22850CD24D64}.Debug|arm.ActiveCfg = Debug|arm
		{1497B777-330B-4CFE-927A-22850CD24D64}.Debug|arm.Build.0 = Debug|arm
		{1497B777-330B-4CFE-927A-22850CD24D64}.Debug|Mixed Platforms.ActiveCfg = Debug|x86
		{1497B777-330B-4CFE-927A-22850CD24D64}.Debug|Mixed Platforms.Build.0 = Debug|x86
		{1497B777-330B-4CFE-927A-22850CD24D64}.Debug|Win32.ActiveCfg = Debug|Win32
		{1497B777-330B-4CFE-927A-22850CD24D64}.Debug|Win32.Build.0 = Debug|Win32
		{1497B777-330B-4CFE-927A-22850CD24D64}.Debug|x64.ActiveCfg = Debug|x64
		{1497B777-330B-4CFE-927A-22850CD24D64}.Debug|x64.Build.0 = Debug|x64
		{1497B777-330B-4CFE-927A-22850CD24D64}.Debug|x86.ActiveCfg = Debug|x86
		{1497B777-330B-4CFE-927A-22850CD24D64}.Debug|x86.Build.0 = Debug|x86
		{1497B777-330B-4CFE-927A-22850CD24D64}.Release|Any CPU.ActiveCfg = Release|Any CPU
		{1497B777-330B-4CFE-927A-22850CD24D64}.Release|Any CPU.Build.0 = Release|Any CPU
		{1497B777-330B-4CFE-927A-22850CD24D64}.Release|arm.ActiveCfg = Release|arm
		{1497B777-330B-4CFE-927A-22850CD24D64}.Release|arm.Build.0 = Release|arm
		{1497B777-330B-4CFE-927A-22850CD24D64}.Release|Mixed Platforms.ActiveCfg = Release|x86
		{1497B777-330B-4CFE-927A-22850CD24D64}.Release|Mixed Platforms.Build.0 = Release|x86
		{1497B777-330B-4CFE-927A-22850CD24D64}.Release|Win32.ActiveCfg = Release|Win32
		{1497B777-330B-4CFE-927A-22850CD24D64}.Release|Win32.Build.0 = Release|Win32
		{1497B777-330B-4CFE-927A-22850CD24D64}.Release|x64.ActiveCfg = Release|x64
		{1497B777-330B-4CFE-927A-22850CD24D64}.Release|x64.Build.0 = Release|x64
		{1497B777-330B-4CFE-927A-22850CD24D64}.Release|x86.ActiveCfg = Release|x86
		{1497B777-330B-4CFE-927A-22850CD24D64}.Release|x86.Build.0 = Release|x86
		{A0B6D3F1-AE5E-423B-BA92-60C9926CA498}.Debug|Any CPU.ActiveCfg = Debug|Any CPU
		{A0B6D3F1-AE5E-423B-BA92-60C9926CA498}.Debug|Any CPU.Build.0 = Debug|Any CPU
		{A0B6D3F1-AE5E-423B-BA92-60C9926CA498}.Debug|arm.ActiveCfg = Debug|arm
		{A0B6D3F1-AE5E-423B-BA92-60C9926CA498}.Debug|arm.Build.0 = Debug|arm
		{A0B6D3F1-AE5E-423B-BA92-60C9926CA498}.Debug|Mixed Platforms.ActiveCfg = Debug|x86
		{A0B6D3F1-AE5E-423B-BA92-60C9926CA498}.Debug|Mixed Platforms.Build.0 = Debug|x86
		{A0B6D3F1-AE5E-423B-BA92-60C9926CA498}.Debug|Win32.ActiveCfg = Debug|Win32
		{A0B6D3F1-AE5E-423B-BA92-60C9926CA498}.Debug|Win32.Build.0 = Debug|Win32
		{A0B6D3F1-AE5E-423B-BA92-60C9926CA498}.Debug|x64.ActiveCfg = Debug|x64
		{A0B6D3F1-AE5E-423B-BA92-60C9926CA498}.Debug|x64.Build.0 = Debug|x64
		{A0B6D3F1-AE5E-423B-BA92-60C9926CA498}.Debug|x86.ActiveCfg = Debug|x86
		{A0B6D3F1-AE5E-423B-BA92-60C9926CA498}.Debug|x86.Build.0 = Debug|x86
		{A0B6D3F1-AE5E-423B-BA92-60C9926CA498}.Release|Any CPU.ActiveCfg = Release|Any CPU
		{A0B6D3F1-AE5E-423B-BA92-60C9926CA498}.Release|Any CPU.Build.0 = Release|Any CPU
		{A0B6D3F1-AE5E-423B-BA92-60C9926CA498}.Release|arm.ActiveCfg = Release|arm
		{A0B6D3F1-AE5E-423B-BA92-60C9926CA498}.Release|arm.Build.0 = Release|arm
		{A0B6D3F1-AE5E-423B-BA92-60C9926CA498}.Release|Mixed Platforms.ActiveCfg = Release|x86
		{A0B6D3F1-AE5E-423B-BA92-60C9926CA498}.Release|Mixed Platforms.Build.0 = Release|x86
		{A0B6D3F1-AE5E-423B-BA92-60C9926CA498}.Release|Win32.ActiveCfg = Release|Win32
		{A0B6D3F1-AE5E-423B-BA92-60C9926CA498}.Release|Win32.Build.0 = Release|Win32
		{A0B6D3F1-AE5E-423B-BA92-60C9926CA498}.Release|x64.ActiveCfg = Release|x64
		{A0B6D3F1-AE5E-423B-BA92-60C9926CA498}.Release|x64.Build.0 = Release|x64
		{A0B6D3F1-AE5E-423B-BA92-60C9926CA498}.Release|x86.ActiveCfg = Release|x86
		{A0B6D3F1-AE5E-423B-BA92-60C9926CA498}.Release|x86.Build.0 = Release|x86
		{2256EFD7-E678-4485-818D-986D590068BE}.Debug|Any CPU.ActiveCfg = Debug|Any CPU
		{2256EFD7-E678-4485-818D-986D590068BE}.Debug|Any CPU.Build.0 = Debug|Any CPU
		{2256EFD7-E678-4485-818D-986D590068BE}.Debug|arm.ActiveCfg = Debug|arm
		{2256EFD7-E678-4485-818D-986D590068BE}.Debug|arm.Build.0 = Debug|arm
		{2256EFD7-E678-4485-818D-986D590068BE}.Debug|Mixed Platforms.ActiveCfg = Debug|x86
		{2256EFD7-E678-4485-818D-986D590068BE}.Debug|Mixed Platforms.Build.0 = Debug|x86
		{2256EFD7-E678-4485-818D-986D590068BE}.Debug|Win32.ActiveCfg = Debug|Win32
		{2256EFD7-E678-4485-818D-986D590068BE}.Debug|Win32.Build.0 = Debug|Win32
		{2256EFD7-E678-4485-818D-986D590068BE}.Debug|x64.ActiveCfg = Debug|x64
		{2256EFD7-E678-4485-818D-986D590068BE}.Debug|x64.Build.0 = Debug|x64
		{2256EFD7-E678-4485-818D-986D590068BE}.Debug|x86.ActiveCfg = Debug|x86
		{2256EFD7-E678-4485-818D-986D590068BE}.Debug|x86.Build.0 = Debug|x86
		{2256EFD7-E678-4485-818D-986D590068BE}.Release|Any CPU.ActiveCfg = Release|Any CPU
		{2256EFD7-E678-4485-818D-986D590068BE}.Release|Any CPU.Build.0 = Release|Any CPU
		{2256EFD7-E678-4485-818D-986D590068BE}.Release|arm.ActiveCfg = Release|arm
		{2256EFD7-E678-4485-818D-986D590068BE}.Release|arm.Build.0 = Release|arm
		{2256EFD7-E678-4485-818D-986D590068BE}.Release|Mixed Platforms.ActiveCfg = Release|x86
		{2256EFD7-E678-4485-818D-986D590068BE}.Release|Mixed Platforms.Build.0 = Release|x86
		{2256EFD7-E678-4485-818D-986D590068BE}.Release|Win32.ActiveCfg = Release|Win32
		{2256EFD7-E678-4485-818D-986D590068BE}.Release|Win32.Build.0 = Release|Win32
		{2256EFD7-E678-4485-818D-986D590068BE}.Release|x64.ActiveCfg = Release|x64
		{2256EFD7-E678-4485-818D-986D590068BE}.Release|x64.Build.0 = Release|x64
		{2256EFD7-E678-4485-818D-986D590068BE}.Release|x86.ActiveCfg = Release|x86
		{2256EFD7-E678-4485-818D-986D590068BE}.Release|x86.Build.0 = Release|x86
		{1C943AF9-7373-4BCB-8874-A13DAF6DA585}.Debug|Any CPU.ActiveCfg = Debug|Any CPU
		{1C943AF9-7373-4BCB-8874-A13DAF6DA585}.Debug|Any CPU.Build.0 = Debug|Any CPU
		{1C943AF9-7373-4BCB-8874-A13DAF6DA585}.Debug|arm.ActiveCfg = Debug|arm
		{1C943AF9-7373-4BCB-8874-A13DAF6DA585}.Debug|arm.Build.0 = Debug|arm
		{1C943AF9-7373-4BCB-8874-A13DAF6DA585}.Debug|Mixed Platforms.ActiveCfg = Debug|x86
		{1C943AF9-7373-4BCB-8874-A13DAF6DA585}.Debug|Mixed Platforms.Build.0 = Debug|x86
		{1C943AF9-7373-4BCB-8874-A13DAF6DA585}.Debug|Win32.ActiveCfg = Debug|Win32
		{1C943AF9-7373-4BCB-8874-A13DAF6DA585}.Debug|Win32.Build.0 = Debug|Win32
		{1C943AF9-7373-4BCB-8874-A13DAF6DA585}.Debug|x64.ActiveCfg = Debug|x64
		{1C943AF9-7373-4BCB-8874-A13DAF6DA585}.Debug|x64.Build.0 = Debug|x64
		{1C943AF9-7373-4BCB-8874-A13DAF6DA585}.Debug|x86.ActiveCfg = Debug|x86
		{1C943AF9-7373-4BCB-8874-A13DAF6DA585}.Debug|x86.Build.0 = Debug|x86
		{1C943AF9-7373-4BCB-8874-A13DAF6DA585}.Release|Any CPU.ActiveCfg = Release|Any CPU
		{1C943AF9-7373-4BCB-8874-A13DAF6DA585}.Release|Any CPU.Build.0 = Release|Any CPU
		{1C943AF9-7373-4BCB-8874-A13DAF6DA585}.Release|arm.ActiveCfg = Release|arm
		{1C943AF9-7373-4BCB-8874-A13DAF6DA585}.Release|arm.Build.0 = Release|arm
		{1C943AF9-7373-4BCB-8874-A13DAF6DA585}.Release|Mixed Platforms.ActiveCfg = Release|x86
		{1C943AF9-7373-4BCB-8874-A13DAF6DA585}.Release|Mixed Platforms.Build.0 = Release|x86
		{1C943AF9-7373-4BCB-8874-A13DAF6DA585}.Release|Win32.ActiveCfg = Release|Win32
		{1C943AF9-7373-4BCB-8874-A13DAF6DA585}.Release|Win32.Build.0 = Release|Win32
		{1C943AF9-7373-4BCB-8874-A13DAF6DA585}.Release|x64.ActiveCfg = Release|x64
		{1C943AF9-7373-4BCB-8874-A13DAF6DA585}.Release|x64.Build.0 = Release|x64
		{1C943AF9-7373-4BCB-8874-A13DAF6DA585}.Release|x86.ActiveCfg = Release|x86
		{1C943AF9-7373-4BCB-8874-A13DAF6DA585}.Release|x86.Build.0 = Release|x86
		{4E633314-DF9D-4828-BCB4-D959EBBBF114}.Debug|Any CPU.ActiveCfg = Debug|Any CPU
		{4E633314-DF9D-4828-BCB4-D959EBBBF114}.Debug|Any CPU.Build.0 = Debug|Any CPU
		{4E633314-DF9D-4828-BCB4-D959EBBBF114}.Debug|arm.ActiveCfg = Debug|arm
		{4E633314-DF9D-4828-BCB4-D959EBBBF114}.Debug|arm.Build.0 = Debug|arm
		{4E633314-DF9D-4828-BCB4-D959EBBBF114}.Debug|Mixed Platforms.ActiveCfg = Debug|x86
		{4E633314-DF9D-4828-BCB4-D959EBBBF114}.Debug|Mixed Platforms.Build.0 = Debug|x86
		{4E633314-DF9D-4828-BCB4-D959EBBBF114}.Debug|Win32.ActiveCfg = Debug|Win32
		{4E633314-DF9D-4828-BCB4-D959EBBBF114}.Debug|Win32.Build.0 = Debug|Win32
		{4E633314-DF9D-4828-BCB4-D959EBBBF114}.Debug|x64.ActiveCfg = Debug|x64
		{4E633314-DF9D-4828-BCB4-D959EBBBF114}.Debug|x64.Build.0 = Debug|x64
		{4E633314-DF9D-4828-BCB4-D959EBBBF114}.Debug|x86.ActiveCfg = Debug|x86
		{4E633314-DF9D-4828-BCB4-D959EBBBF114}.Debug|x86.Build.0 = Debug|x86
		{4E633314-DF9D-4828-BCB4-D959EBBBF114}.Release|Any CPU.ActiveCfg = Release|Any CPU
		{4E633314-DF9D-4828-BCB4-D959EBBBF114}.Release|Any CPU.Build.0 = Release|Any CPU
		{4E633314-DF9D-4828-BCB4-D959EBBBF114}.Release|arm.ActiveCfg = Release|arm
		{4E633314-DF9D-4828-BCB4-D959EBBBF114}.Release|arm.Build.0 = Release|arm
		{4E633314-DF9D-4828-BCB4-D959EBBBF114}.Release|Mixed Platforms.ActiveCfg = Release|x86
		{4E633314-DF9D-4828-BCB4-D959EBBBF114}.Release|Mixed Platforms.Build.0 = Release|x86
		{4E633314-DF9D-4828-BCB4-D959EBBBF114}.Release|Win32.ActiveCfg = Release|Win32
		{4E633314-DF9D-4828-BCB4-D959EBBBF114}.Release|Win32.Build.0 = Release|Win32
		{4E633314-DF9D-4828-BCB4-D959EBBBF114}.Release|x64.ActiveCfg = Release|x64
		{4E633314-DF9D-4828-BCB4-D959EBBBF114}.Release|x64.Build.0 = Release|x64
		{4E633314-DF9D-4828-BCB4-D959EBBBF114}.Release|x86.ActiveCfg = Release|x86
		{4E633314-DF9D-4828-BCB4-D959EBBBF114}.Release|x86.Build.0 = Release|x86
		{B990D81B-9F60-4EEE-B31D-B5D1EAA799EE}.Debug|Any CPU.ActiveCfg = Debug|Any CPU
		{B990D81B-9F60-4EEE-B31D-B5D1EAA799EE}.Debug|Any CPU.Build.0 = Debug|Any CPU
		{B990D81B-9F60-4EEE-B31D-B5D1EAA799EE}.Debug|arm.ActiveCfg = Debug|arm
		{B990D81B-9F60-4EEE-B31D-B5D1EAA799EE}.Debug|arm.Build.0 = Debug|arm
		{B990D81B-9F60-4EEE-B31D-B5D1EAA799EE}.Debug|Mixed Platforms.ActiveCfg = Debug|x86
		{B990D81B-9F60-4EEE-B31D-B5D1EAA799EE}.Debug|Mixed Platforms.Build.0 = Debug|x86
		{B990D81B-9F60-4EEE-B31D-B5D1EAA799EE}.Debug|Win32.ActiveCfg = Debug|Win32
		{B990D81B-9F60-4EEE-B31D-B5D1EAA799EE}.Debug|Win32.Build.0 = Debug|Win32
		{B990D81B-9F60-4EEE-B31D-B5D1EAA799EE}.Debug|x64.ActiveCfg = Debug|x64
		{B990D81B-9F60-4EEE-B31D-B5D1EAA799EE}.Debug|x64.Build.0 = Debug|x64
		{B990D81B-9F60-4EEE-B31D-B5D1EAA799EE}.Debug|x86.ActiveCfg = Debug|x86
		{B990D81B-9F60-4EEE-B31D-B5D1EAA799EE}.Debug|x86.Build.0 = Debug|x86
		{B990D81B-9F60-4EEE-B31D-B5D1EAA799EE}.Release|Any CPU.ActiveCfg = Release|Any CPU
		{B990D81B-9F60-4EEE-B31D-B5D1EAA799EE}.Release|Any CPU.Build.0 = Release|Any CPU
		{B990D81B-9F60-4EEE-B31D-B5D1EAA799EE}.Release|arm.ActiveCfg = Release|arm
		{B990D81B-9F60-4EEE-B31D-B5D1EAA799EE}.Release|arm.Build.0 = Release|arm
		{B990D81B-9F60-4EEE-B31D-B5D1EAA799EE}.Release|Mixed Platforms.ActiveCfg = Release|x86
		{B990D81B-9F60-4EEE-B31D-B5D1EAA799EE}.Release|Mixed Platforms.Build.0 = Release|x86
		{B990D81B-9F60-4EEE-B31D-B5D1EAA799EE}.Release|Win32.ActiveCfg = Release|Win32
		{B990D81B-9F60-4EEE-B31D-B5D1EAA799EE}.Release|Win32.Build.0 = Release|Win32
		{B990D81B-9F60-4EEE-B31D-B5D1EAA799EE}.Release|x64.ActiveCfg = Release|x64
		{B990D81B-9F60-4EEE-B31D-B5D1EAA799EE}.Release|x64.Build.0 = Release|x64
		{B990D81B-9F60-4EEE-B31D-B5D1EAA799EE}.Release|x86.ActiveCfg = Release|x86
		{B990D81B-9F60-4EEE-B31D-B5D1EAA799EE}.Release|x86.Build.0 = Release|x86
		{6F1482DF-1598-4D88-BDAA-B9D0E0242139}.Debug|Any CPU.ActiveCfg = Debug|Any CPU
		{6F1482DF-1598-4D88-BDAA-B9D0E0242139}.Debug|Any CPU.Build.0 = Debug|Any CPU
		{6F1482DF-1598-4D88-BDAA-B9D0E0242139}.Debug|arm.ActiveCfg = Debug|arm
		{6F1482DF-1598-4D88-BDAA-B9D0E0242139}.Debug|arm.Build.0 = Debug|arm
		{6F1482DF-1598-4D88-BDAA-B9D0E0242139}.Debug|Mixed Platforms.ActiveCfg = Debug|x86
		{6F1482DF-1598-4D88-BDAA-B9D0E0242139}.Debug|Mixed Platforms.Build.0 = Debug|x86
		{6F1482DF-1598-4D88-BDAA-B9D0E0242139}.Debug|Win32.ActiveCfg = Debug|Win32
		{6F1482DF-1598-4D88-BDAA-B9D0E0242139}.Debug|Win32.Build.0 = Debug|Win32
		{6F1482DF-1598-4D88-BDAA-B9D0E0242139}.Debug|x64.ActiveCfg = Debug|x64
		{6F1482DF-1598-4D88-BDAA-B9D0E0242139}.Debug|x64.Build.0 = Debug|x64
		{6F1482DF-1598-4D88-BDAA-B9D0E0242139}.Debug|x86.ActiveCfg = Debug|x86
		{6F1482DF-1598-4D88-BDAA-B9D0E0242139}.Debug|x86.Build.0 = Debug|x86
		{6F1482DF-1598-4D88-BDAA-B9D0E0242139}.Release|Any CPU.ActiveCfg = Release|Any CPU
		{6F1482DF-1598-4D88-BDAA-B9D0E0242139}.Release|Any CPU.Build.0 = Release|Any CPU
		{6F1482DF-1598-4D88-BDAA-B9D0E0242139}.Release|arm.ActiveCfg = Release|arm
		{6F1482DF-1598-4D88-BDAA-B9D0E0242139}.Release|arm.Build.0 = Release|arm
		{6F1482DF-1598-4D88-BDAA-B9D0E0242139}.Release|Mixed Platforms.ActiveCfg = Release|x86
		{6F1482DF-1598-4D88-BDAA-B9D0E0242139}.Release|Mixed Platforms.Build.0 = Release|x86
		{6F1482DF-1598-4D88-BDAA-B9D0E0242139}.Release|Win32.ActiveCfg = Release|Win32
		{6F1482DF-1598-4D88-BDAA-B9D0E0242139}.Release|Win32.Build.0 = Release|Win32
		{6F1482DF-1598-4D88-BDAA-B9D0E0242139}.Release|x64.ActiveCfg = Release|x64
		{6F1482DF-1598-4D88-BDAA-B9D0E0242139}.Release|x64.Build.0 = Release|x64
		{6F1482DF-1598-4D88-BDAA-B9D0E0242139}.Release|x86.ActiveCfg = Release|x86
		{6F1482DF-1598-4D88-BDAA-B9D0E0242139}.Release|x86.Build.0 = Release|x86
		{696EB455-0EF3-47C0-8A02-86FF5D8CC791}.Debug|Any CPU.ActiveCfg = Debug|Any CPU
		{696EB455-0EF3-47C0-8A02-86FF5D8CC791}.Debug|Any CPU.Build.0 = Debug|Any CPU
		{696EB455-0EF3-47C0-8A02-86FF5D8CC791}.Debug|arm.ActiveCfg = Debug|arm
		{696EB455-0EF3-47C0-8A02-86FF5D8CC791}.Debug|arm.Build.0 = Debug|arm
		{696EB455-0EF3-47C0-8A02-86FF5D8CC791}.Debug|Mixed Platforms.ActiveCfg = Debug|x86
		{696EB455-0EF3-47C0-8A02-86FF5D8CC791}.Debug|Mixed Platforms.Build.0 = Debug|x86
		{696EB455-0EF3-47C0-8A02-86FF5D8CC791}.Debug|Win32.ActiveCfg = Debug|Win32
		{696EB455-0EF3-47C0-8A02-86FF5D8CC791}.Debug|Win32.Build.0 = Debug|Win32
		{696EB455-0EF3-47C0-8A02-86FF5D8CC791}.Debug|x64.ActiveCfg = Debug|x64
		{696EB455-0EF3-47C0-8A02-86FF5D8CC791}.Debug|x64.Build.0 = Debug|x64
		{696EB455-0EF3-47C0-8A02-86FF5D8CC791}.Debug|x86.ActiveCfg = Debug|x86
		{696EB455-0EF3-47C0-8A02-86FF5D8CC791}.Debug|x86.Build.0 = Debug|x86
		{696EB455-0EF3-47C0-8A02-86FF5D8CC791}.Release|Any CPU.ActiveCfg = Release|Any CPU
		{696EB455-0EF3-47C0-8A02-86FF5D8CC791}.Release|Any CPU.Build.0 = Release|Any CPU
		{696EB455-0EF3-47C0-8A02-86FF5D8CC791}.Release|arm.ActiveCfg = Release|arm
		{696EB455-0EF3-47C0-8A02-86FF5D8CC791}.Release|arm.Build.0 = Release|arm
		{696EB455-0EF3-47C0-8A02-86FF5D8CC791}.Release|Mixed Platforms.ActiveCfg = Release|x86
		{696EB455-0EF3-47C0-8A02-86FF5D8CC791}.Release|Mixed Platforms.Build.0 = Release|x86
		{696EB455-0EF3-47C0-8A02-86FF5D8CC791}.Release|Win32.ActiveCfg = Release|Win32
		{696EB455-0EF3-47C0-8A02-86FF5D8CC791}.Release|Win32.Build.0 = Release|Win32
		{696EB455-0EF3-47C0-8A02-86FF5D8CC791}.Release|x64.ActiveCfg = Release|x64
		{696EB455-0EF3-47C0-8A02-86FF5D8CC791}.Release|x64.Build.0 = Release|x64
		{696EB455-0EF3-47C0-8A02-86FF5D8CC791}.Release|x86.ActiveCfg = Release|x86
		{696EB455-0EF3-47C0-8A02-86FF5D8CC791}.Release|x86.Build.0 = Release|x86
		{B0FD938D-C569-457D-AFF0-25EE5E99386E}.Debug|Any CPU.ActiveCfg = Debug|Any CPU
		{B0FD938D-C569-457D-AFF0-25EE5E99386E}.Debug|Any CPU.Build.0 = Debug|Any CPU
		{B0FD938D-C569-457D-AFF0-25EE5E99386E}.Debug|arm.ActiveCfg = Debug|arm
		{B0FD938D-C569-457D-AFF0-25EE5E99386E}.Debug|arm.Build.0 = Debug|arm
		{B0FD938D-C569-457D-AFF0-25EE5E99386E}.Debug|Mixed Platforms.ActiveCfg = Debug|x86
		{B0FD938D-C569-457D-AFF0-25EE5E99386E}.Debug|Mixed Platforms.Build.0 = Debug|x86
		{B0FD938D-C569-457D-AFF0-25EE5E99386E}.Debug|Win32.ActiveCfg = Debug|Win32
		{B0FD938D-C569-457D-AFF0-25EE5E99386E}.Debug|Win32.Build.0 = Debug|Win32
		{B0FD938D-C569-457D-AFF0-25EE5E99386E}.Debug|x64.ActiveCfg = Debug|x64
		{B0FD938D-C569-457D-AFF0-25EE5E99386E}.Debug|x64.Build.0 = Debug|x64
		{B0FD938D-C569-457D-AFF0-25EE5E99386E}.Debug|x86.ActiveCfg = Debug|x86
		{B0FD938D-C569-457D-AFF0-25EE5E99386E}.Debug|x86.Build.0 = Debug|x86
		{B0FD938D-C569-457D-AFF0-25EE5E99386E}.Release|Any CPU.ActiveCfg = Release|Any CPU
		{B0FD938D-C569-457D-AFF0-25EE5E99386E}.Release|Any CPU.Build.0 = Release|Any CPU
		{B0FD938D-C569-457D-AFF0-25EE5E99386E}.Release|arm.ActiveCfg = Release|arm
		{B0FD938D-C569-457D-AFF0-25EE5E99386E}.Release|arm.Build.0 = Release|arm
		{B0FD938D-C569-457D-AFF0-25EE5E99386E}.Release|Mixed Platforms.ActiveCfg = Release|x86
		{B0FD938D-C569-457D-AFF0-25EE5E99386E}.Release|Mixed Platforms.Build.0 = Release|x86
		{B0FD938D-C569-457D-AFF0-25EE5E99386E}.Release|Win32.ActiveCfg = Release|Win32
		{B0FD938D-C569-457D-AFF0-25EE5E99386E}.Release|Win32.Build.0 = Release|Win32
		{B0FD938D-C569-457D-AFF0-25EE5E99386E}.Release|x64.ActiveCfg = Release|x64
		{B0FD938D-C569-457D-AFF0-25EE5E99386E}.Release|x64.Build.0 = Release|x64
		{B0FD938D-C569-457D-AFF0-25EE5E99386E}.Release|x86.ActiveCfg = Release|x86
		{B0FD938D-C569-457D-AFF0-25EE5E99386E}.Release|x86.Build.0 = Release|x86
		{3E74F4F0-7DC9-4837-9443-D5BE061C892C}.Debug|Any CPU.ActiveCfg = Debug|Any CPU
		{3E74F4F0-7DC9-4837-9443-D5BE061C892C}.Debug|Any CPU.Build.0 = Debug|Any CPU
		{3E74F4F0-7DC9-4837-9443-D5BE061C892C}.Debug|arm.ActiveCfg = Debug|arm
		{3E74F4F0-7DC9-4837-9443-D5BE061C892C}.Debug|arm.Build.0 = Debug|arm
		{3E74F4F0-7DC9-4837-9443-D5BE061C892C}.Debug|Mixed Platforms.ActiveCfg = Debug|x86
		{3E74F4F0-7DC9-4837-9443-D5BE061C892C}.Debug|Mixed Platforms.Build.0 = Debug|x86
		{3E74F4F0-7DC9-4837-9443-D5BE061C892C}.Debug|Win32.ActiveCfg = Debug|Win32
		{3E74F4F0-7DC9-4837-9443-D5BE061C892C}.Debug|Win32.Build.0 = Debug|Win32
		{3E74F4F0-7DC9-4837-9443-D5BE061C892C}.Debug|x64.ActiveCfg = Debug|x64
		{3E74F4F0-7DC9-4837-9443-D5BE061C892C}.Debug|x64.Build.0 = Debug|x64
		{3E74F4F0-7DC9-4837-9443-D5BE061C892C}.Debug|x86.ActiveCfg = Debug|x86
		{3E74F4F0-7DC9-4837-9443-D5BE061C892C}.Debug|x86.Build.0 = Debug|x86
		{3E74F4F0-7DC9-4837-9443-D5BE061C892C}.Release|Any CPU.ActiveCfg = Release|Any CPU
		{3E74F4F0-7DC9-4837-9443-D5BE061C892C}.Release|Any CPU.Build.0 = Release|Any CPU
		{3E74F4F0-7DC9-4837-9443-D5BE061C892C}.Release|arm.ActiveCfg = Release|arm
		{3E74F4F0-7DC9-4837-9443-D5BE061C892C}.Release|arm.Build.0 = Release|arm
		{3E74F4F0-7DC9-4837-9443-D5BE061C892C}.Release|Mixed Platforms.ActiveCfg = Release|x86
		{3E74F4F0-7DC9-4837-9443-D5BE061C892C}.Release|Mixed Platforms.Build.0 = Release|x86
		{3E74F4F0-7DC9-4837-9443-D5BE061C892C}.Release|Win32.ActiveCfg = Release|Win32
		{3E74F4F0-7DC9-4837-9443-D5BE061C892C}.Release|Win32.Build.0 = Release|Win32
		{3E74F4F0-7DC9-4837-9443-D5BE061C892C}.Release|x64.ActiveCfg = Release|x64
		{3E74F4F0-7DC9-4837-9443-D5BE061C892C}.Release|x64.Build.0 = Release|x64
		{3E74F4F0-7DC9-4837-9443-D5BE061C892C}.Release|x86.ActiveCfg = Release|x86
		{3E74F4F0-7DC9-4837-9443-D5BE061C892C}.Release|x86.Build.0 = Release|x86
		{E917D8E0-4883-4AA6-AE1F-57839165E188}.Debug|Any CPU.ActiveCfg = Debug|Any CPU
		{E917D8E0-4883-4AA6-AE1F-57839165E188}.Debug|Any CPU.Build.0 = Debug|Any CPU
		{E917D8E0-4883-4AA6-AE1F-57839165E188}.Debug|arm.ActiveCfg = Debug|arm
		{E917D8E0-4883-4AA6-AE1F-57839165E188}.Debug|arm.Build.0 = Debug|arm
		{E917D8E0-4883-4AA6-AE1F-57839165E188}.Debug|Mixed Platforms.ActiveCfg = Debug|x86
		{E917D8E0-4883-4AA6-AE1F-57839165E188}.Debug|Mixed Platforms.Build.0 = Debug|x86
		{E917D8E0-4883-4AA6-AE1F-57839165E188}.Debug|Win32.ActiveCfg = Debug|Win32
		{E917D8E0-4883-4AA6-AE1F-57839165E188}.Debug|Win32.Build.0 = Debug|Win32
		{E917D8E0-4883-4AA6-AE1F-57839165E188}.Debug|x64.ActiveCfg = Debug|x64
		{E917D8E0-4883-4AA6-AE1F-57839165E188}.Debug|x64.Build.0 = Debug|x64
		{E917D8E0-4883-4AA6-AE1F-57839165E188}.Debug|x86.ActiveCfg = Debug|x86
		{E917D8E0-4883-4AA6-AE1F-57839165E188}.Debug|x86.Build.0 = Debug|x86
		{E917D8E0-4883-4AA6-AE1F-57839165E188}.Release|Any CPU.ActiveCfg = Release|Any CPU
		{E917D8E0-4883-4AA6-AE1F-57839165E188}.Release|Any CPU.Build.0 = Release|Any CPU
		{E917D8E0-4883-4AA6-AE1F-57839165E188}.Release|arm.ActiveCfg = Release|arm
		{E917D8E0-4883-4AA6-AE1F-57839165E188}.Release|arm.Build.0 = Release|arm
		{E917D8E0-4883-4AA6-AE1F-57839165E188}.Release|Mixed Platforms.ActiveCfg = Release|x86
		{E917D8E0-4883-4AA6-AE1F-57839165E188}.Release|Mixed Platforms.Build.0 = Release|x86
		{E917D8E0-4883-4AA6-AE1F-57839165E188}.Release|Win32.ActiveCfg = Release|Win32
		{E917D8E0-4883-4AA6-AE1F-57839165E188}.Release|Win32.Build.0 = Release|Win32
		{E917D8E0-4883-4AA6-AE1F-57839165E188}.Release|x64.ActiveCfg = Release|x64
		{E917D8E0-4883-4AA6-AE1F-57839165E188}.Release|x64.Build.0 = Release|x64
		{E917D8E0-4883-4AA6-AE1F-57839165E188}.Release|x86.ActiveCfg = Release|x86
		{E917D8E0-4883-4AA6-AE1F-57839165E188}.Release|x86.Build.0 = Release|x86
		{5188C6FB-FE2D-4973-8310-DA05D34040F9}.Debug|Any CPU.ActiveCfg = Debug|Any CPU
		{5188C6FB-FE2D-4973-8310-DA05D34040F9}.Debug|Any CPU.Build.0 = Debug|Any CPU
		{5188C6FB-FE2D-4973-8310-DA05D34040F9}.Debug|arm.ActiveCfg = Debug|arm
		{5188C6FB-FE2D-4973-8310-DA05D34040F9}.Debug|arm.Build.0 = Debug|arm
		{5188C6FB-FE2D-4973-8310-DA05D34040F9}.Debug|Mixed Platforms.ActiveCfg = Debug|x86
		{5188C6FB-FE2D-4973-8310-DA05D34040F9}.Debug|Mixed Platforms.Build.0 = Debug|x86
		{5188C6FB-FE2D-4973-8310-DA05D34040F9}.Debug|Win32.ActiveCfg = Debug|Win32
		{5188C6FB-FE2D-4973-8310-DA05D34040F9}.Debug|Win32.Build.0 = Debug|Win32
		{5188C6FB-FE2D-4973-8310-DA05D34040F9}.Debug|x64.ActiveCfg = Debug|x64
		{5188C6FB-FE2D-4973-8310-DA05D34040F9}.Debug|x64.Build.0 = Debug|x64
		{5188C6FB-FE2D-4973-8310-DA05D34040F9}.Debug|x86.ActiveCfg = Debug|x86
		{5188C6FB-FE2D-4973-8310-DA05D34040F9}.Debug|x86.Build.0 = Debug|x86
		{5188C6FB-FE2D-4973-8310-DA05D34040F9}.Release|Any CPU.ActiveCfg = Release|Any CPU
		{5188C6FB-FE2D-4973-8310-DA05D34040F9}.Release|Any CPU.Build.0 = Release|Any CPU
		{5188C6FB-FE2D-4973-8310-DA05D34040F9}.Release|arm.ActiveCfg = Release|arm
		{5188C6FB-FE2D-4973-8310-DA05D34040F9}.Release|arm.Build.0 = Release|arm
		{5188C6FB-FE2D-4973-8310-DA05D34040F9}.Release|Mixed Platforms.ActiveCfg = Release|x86
		{5188C6FB-FE2D-4973-8310-DA05D34040F9}.Release|Mixed Platforms.Build.0 = Release|x86
		{5188C6FB-FE2D-4973-8310-DA05D34040F9}.Release|Win32.ActiveCfg = Release|Win32
		{5188C6FB-FE2D-4973-8310-DA05D34040F9}.Release|Win32.Build.0 = Release|Win32
		{5188C6FB-FE2D-4973-8310-DA05D34040F9}.Release|x64.ActiveCfg = Release|x64
		{5188C6FB-FE2D-4973-8310-DA05D34040F9}.Release|x64.Build.0 = Release|x64
		{5188C6FB-FE2D-4973-8310-DA05D34040F9}.Release|x86.ActiveCfg = Release|x86
		{5188C6FB-FE2D-4973-8310-DA05D34040F9}.Release|x86.Build.0 = Release|x86
		{AAFC3C7F-D818-4B1D-AF3F-A331EA917F3F}.Debug|Any CPU.ActiveCfg = Debug|Any CPU
		{AAFC3C7F-D818-4B1D-AF3F-A331EA917F3F}.Debug|Any CPU.Build.0 = Debug|Any CPU
		{AAFC3C7F-D818-4B1D-AF3F-A331EA917F3F}.Debug|arm.ActiveCfg = Debug|arm
		{AAFC3C7F-D818-4B1D-AF3F-A331EA917F3F}.Debug|arm.Build.0 = Debug|arm
		{AAFC3C7F-D818-4B1D-AF3F-A331EA917F3F}.Debug|Mixed Platforms.ActiveCfg = Debug|x86
		{AAFC3C7F-D818-4B1D-AF3F-A331EA917F3F}.Debug|Mixed Platforms.Build.0 = Debug|x86
		{AAFC3C7F-D818-4B1D-AF3F-A331EA917F3F}.Debug|Win32.ActiveCfg = Debug|Win32
		{AAFC3C7F-D818-4B1D-AF3F-A331EA917F3F}.Debug|Win32.Build.0 = Debug|Win32
		{AAFC3C7F-D818-4B1D-AF3F-A331EA917F3F}.Debug|x64.ActiveCfg = Debug|x64
		{AAFC3C7F-D818-4B1D-AF3F-A331EA917F3F}.Debug|x64.Build.0 = Debug|x64
		{AAFC3C7F-D818-4B1D-AF3F-A331EA917F3F}.Debug|x86.ActiveCfg = Debug|x86
		{AAFC3C7F-D818-4B1D-AF3F-A331EA917F3F}.Debug|x86.Build.0 = Debug|x86
		{AAFC3C7F-D818-4B1D-AF3F-A331EA917F3F}.Release|Any CPU.ActiveCfg = Release|Any CPU
		{AAFC3C7F-D818-4B1D-AF3F-A331EA917F3F}.Release|Any CPU.Build.0 = Release|Any CPU
		{AAFC3C7F-D818-4B1D-AF3F-A331EA917F3F}.Release|arm.ActiveCfg = Release|arm
		{AAFC3C7F-D818-4B1D-AF3F-A331EA917F3F}.Release|arm.Build.0 = Release|arm
		{AAFC3C7F-D818-4B1D-AF3F-A331EA917F3F}.Release|Mixed Platforms.ActiveCfg = Release|x86
		{AAFC3C7F-D818-4B1D-AF3F-A331EA917F3F}.Release|Mixed Platforms.Build.0 = Release|x86
		{AAFC3C7F-D818-4B1D-AF3F-A331EA917F3F}.Release|Win32.ActiveCfg = Release|Win32
		{AAFC3C7F-D818-4B1D-AF3F-A331EA917F3F}.Release|Win32.Build.0 = Release|Win32
		{AAFC3C7F-D818-4B1D-AF3F-A331EA917F3F}.Release|x64.ActiveCfg = Release|x64
		{AAFC3C7F-D818-4B1D-AF3F-A331EA917F3F}.Release|x64.Build.0 = Release|x64
		{AAFC3C7F-D818-4B1D-AF3F-A331EA917F3F}.Release|x86.ActiveCfg = Release|x86
		{AAFC3C7F-D818-4B1D-AF3F-A331EA917F3F}.Release|x86.Build.0 = Release|x86
		{CC3521F5-D0A8-4CBA-99E2-092FCD04125D}.Debug|Any CPU.ActiveCfg = Debug|Any CPU
		{CC3521F5-D0A8-4CBA-99E2-092FCD04125D}.Debug|Any CPU.Build.0 = Debug|Any CPU
		{CC3521F5-D0A8-4CBA-99E2-092FCD04125D}.Debug|arm.ActiveCfg = Debug|arm
		{CC3521F5-D0A8-4CBA-99E2-092FCD04125D}.Debug|arm.Build.0 = Debug|arm
		{CC3521F5-D0A8-4CBA-99E2-092FCD04125D}.Debug|Mixed Platforms.ActiveCfg = Debug|x86
		{CC3521F5-D0A8-4CBA-99E2-092FCD04125D}.Debug|Mixed Platforms.Build.0 = Debug|x86
		{CC3521F5-D0A8-4CBA-99E2-092FCD04125D}.Debug|Win32.ActiveCfg = Debug|Win32
		{CC3521F5-D0A8-4CBA-99E2-092FCD04125D}.Debug|Win32.Build.0 = Debug|Win32
		{CC3521F5-D0A8-4CBA-99E2-092FCD04125D}.Debug|x64.ActiveCfg = Debug|x64
		{CC3521F5-D0A8-4CBA-99E2-092FCD04125D}.Debug|x64.Build.0 = Debug|x64
		{CC3521F5-D0A8-4CBA-99E2-092FCD04125D}.Debug|x86.ActiveCfg = Debug|x86
		{CC3521F5-D0A8-4CBA-99E2-092FCD04125D}.Debug|x86.Build.0 = Debug|x86
		{CC3521F5-D0A8-4CBA-99E2-092FCD04125D}.Release|Any CPU.ActiveCfg = Release|Any CPU
		{CC3521F5-D0A8-4CBA-99E2-092FCD04125D}.Release|Any CPU.Build.0 = Release|Any CPU
		{CC3521F5-D0A8-4CBA-99E2-092FCD04125D}.Release|arm.ActiveCfg = Release|arm
		{CC3521F5-D0A8-4CBA-99E2-092FCD04125D}.Release|arm.Build.0 = Release|arm
		{CC3521F5-D0A8-4CBA-99E2-092FCD04125D}.Release|Mixed Platforms.ActiveCfg = Release|x86
		{CC3521F5-D0A8-4CBA-99E2-092FCD04125D}.Release|Mixed Platforms.Build.0 = Release|x86
		{CC3521F5-D0A8-4CBA-99E2-092FCD04125D}.Release|Win32.ActiveCfg = Release|Win32
		{CC3521F5-D0A8-4CBA-99E2-092FCD04125D}.Release|Win32.Build.0 = Release|Win32
		{CC3521F5-D0A8-4CBA-99E2-092FCD04125D}.Release|x64.ActiveCfg = Release|x64
		{CC3521F5-D0A8-4CBA-99E2-092FCD04125D}.Release|x64.Build.0 = Release|x64
		{CC3521F5-D0A8-4CBA-99E2-092FCD04125D}.Release|x86.ActiveCfg = Release|x86
		{CC3521F5-D0A8-4CBA-99E2-092FCD04125D}.Release|x86.Build.0 = Release|x86
		{EA867716-8FF0-4008-B197-9F326420ABE4}.Debug|Any CPU.ActiveCfg = Debug|Any CPU
		{EA867716-8FF0-4008-B197-9F326420ABE4}.Debug|Any CPU.Build.0 = Debug|Any CPU
		{EA867716-8FF0-4008-B197-9F326420ABE4}.Debug|arm.ActiveCfg = Debug|arm
		{EA867716-8FF0-4008-B197-9F326420ABE4}.Debug|arm.Build.0 = Debug|arm
		{EA867716-8FF0-4008-B197-9F326420ABE4}.Debug|Mixed Platforms.ActiveCfg = Debug|x86
		{EA867716-8FF0-4008-B197-9F326420ABE4}.Debug|Mixed Platforms.Build.0 = Debug|x86
		{EA867716-8FF0-4008-B197-9F326420ABE4}.Debug|Win32.ActiveCfg = Debug|Win32
		{EA867716-8FF0-4008-B197-9F326420ABE4}.Debug|Win32.Build.0 = Debug|Win32
		{EA867716-8FF0-4008-B197-9F326420ABE4}.Debug|x64.ActiveCfg = Debug|x64
		{EA867716-8FF0-4008-B197-9F326420ABE4}.Debug|x64.Build.0 = Debug|x64
		{EA867716-8FF0-4008-B197-9F326420ABE4}.Debug|x86.ActiveCfg = Debug|x86
		{EA867716-8FF0-4008-B197-9F326420ABE4}.Debug|x86.Build.0 = Debug|x86
		{EA867716-8FF0-4008-B197-9F326420ABE4}.Release|Any CPU.ActiveCfg = Release|Any CPU
		{EA867716-8FF0-4008-B197-9F326420ABE4}.Release|Any CPU.Build.0 = Release|Any CPU
		{EA867716-8FF0-4008-B197-9F326420ABE4}.Release|arm.ActiveCfg = Release|arm
		{EA867716-8FF0-4008-B197-9F326420ABE4}.Release|arm.Build.0 = Release|arm
		{EA867716-8FF0-4008-B197-9F326420ABE4}.Release|Mixed Platforms.ActiveCfg = Release|x86
		{EA867716-8FF0-4008-B197-9F326420ABE4}.Release|Mixed Platforms.Build.0 = Release|x86
		{EA867716-8FF0-4008-B197-9F326420ABE4}.Release|Win32.ActiveCfg = Release|Win32
		{EA867716-8FF0-4008-B197-9F326420ABE4}.Release|Win32.Build.0 = Release|Win32
		{EA867716-8FF0-4008-B197-9F326420ABE4}.Release|x64.ActiveCfg = Release|x64
		{EA867716-8FF0-4008-B197-9F326420ABE4}.Release|x64.Build.0 = Release|x64
		{EA867716-8FF0-4008-B197-9F326420ABE4}.Release|x86.ActiveCfg = Release|x86
		{EA867716-8FF0-4008-B197-9F326420ABE4}.Release|x86.Build.0 = Release|x86
		{D1A907C2-FA39-4B3D-B66E-F697064D9DC4}.Debug|Any CPU.ActiveCfg = Debug|Any CPU
		{D1A907C2-FA39-4B3D-B66E-F697064D9DC4}.Debug|Any CPU.Build.0 = Debug|Any CPU
		{D1A907C2-FA39-4B3D-B66E-F697064D9DC4}.Debug|arm.ActiveCfg = Debug|arm
		{D1A907C2-FA39-4B3D-B66E-F697064D9DC4}.Debug|arm.Build.0 = Debug|arm
		{D1A907C2-FA39-4B3D-B66E-F697064D9DC4}.Debug|Mixed Platforms.ActiveCfg = Debug|x86
		{D1A907C2-FA39-4B3D-B66E-F697064D9DC4}.Debug|Mixed Platforms.Build.0 = Debug|x86
		{D1A907C2-FA39-4B3D-B66E-F697064D9DC4}.Debug|Win32.ActiveCfg = Debug|Win32
		{D1A907C2-FA39-4B3D-B66E-F697064D9DC4}.Debug|Win32.Build.0 = Debug|Win32
		{D1A907C2-FA39-4B3D-B66E-F697064D9DC4}.Debug|x64.ActiveCfg = Debug|x64
		{D1A907C2-FA39-4B3D-B66E-F697064D9DC4}.Debug|x64.Build.0 = Debug|x64
		{D1A907C2-FA39-4B3D-B66E-F697064D9DC4}.Debug|x86.ActiveCfg = Debug|x86
		{D1A907C2-FA39-4B3D-B66E-F697064D9DC4}.Debug|x86.Build.0 = Debug|x86
		{D1A907C2-FA39-4B3D-B66E-F697064D9DC4}.Release|Any CPU.ActiveCfg = Release|Any CPU
		{D1A907C2-FA39-4B3D-B66E-F697064D9DC4}.Release|Any CPU.Build.0 = Release|Any CPU
		{D1A907C2-FA39-4B3D-B66E-F697064D9DC4}.Release|arm.ActiveCfg = Release|arm
		{D1A907C2-FA39-4B3D-B66E-F697064D9DC4}.Release|arm.Build.0 = Release|arm
		{D1A907C2-FA39-4B3D-B66E-F697064D9DC4}.Release|Mixed Platforms.ActiveCfg = Release|x86
		{D1A907C2-FA39-4B3D-B66E-F697064D9DC4}.Release|Mixed Platforms.Build.0 = Release|x86
		{D1A907C2-FA39-4B3D-B66E-F697064D9DC4}.Release|Win32.ActiveCfg = Release|Win32
		{D1A907C2-FA39-4B3D-B66E-F697064D9DC4}.Release|Win32.Build.0 = Release|Win32
		{D1A907C2-FA39-4B3D-B66E-F697064D9DC4}.Release|x64.ActiveCfg = Release|x64
		{D1A907C2-FA39-4B3D-B66E-F697064D9DC4}.Release|x64.Build.0 = Release|x64
		{D1A907C2-FA39-4B3D-B66E-F697064D9DC4}.Release|x86.ActiveCfg = Release|x86
		{D1A907C2-FA39-4B3D-B66E-F697064D9DC4}.Release|x86.Build.0 = Release|x86
		{6182DBCA-146A-4F37-8406-3139BBE04636}.Debug|Any CPU.ActiveCfg = Debug|Any CPU
		{6182DBCA-146A-4F37-8406-3139BBE04636}.Debug|Any CPU.Build.0 = Debug|Any CPU
		{6182DBCA-146A-4F37-8406-3139BBE04636}.Debug|arm.ActiveCfg = Debug|arm
		{6182DBCA-146A-4F37-8406-3139BBE04636}.Debug|arm.Build.0 = Debug|arm
		{6182DBCA-146A-4F37-8406-3139BBE04636}.Debug|Mixed Platforms.ActiveCfg = Debug|x86
		{6182DBCA-146A-4F37-8406-3139BBE04636}.Debug|Mixed Platforms.Build.0 = Debug|x86
		{6182DBCA-146A-4F37-8406-3139BBE04636}.Debug|Win32.ActiveCfg = Debug|Win32
		{6182DBCA-146A-4F37-8406-3139BBE04636}.Debug|Win32.Build.0 = Debug|Win32
		{6182DBCA-146A-4F37-8406-3139BBE04636}.Debug|x64.ActiveCfg = Debug|x64
		{6182DBCA-146A-4F37-8406-3139BBE04636}.Debug|x64.Build.0 = Debug|x64
		{6182DBCA-146A-4F37-8406-3139BBE04636}.Debug|x86.ActiveCfg = Debug|x86
		{6182DBCA-146A-4F37-8406-3139BBE04636}.Debug|x86.Build.0 = Debug|x86
		{6182DBCA-146A-4F37-8406-3139BBE04636}.Release|Any CPU.ActiveCfg = Release|Any CPU
		{6182DBCA-146A-4F37-8406-3139BBE04636}.Release|Any CPU.Build.0 = Release|Any CPU
		{6182DBCA-146A-4F37-8406-3139BBE04636}.Release|arm.ActiveCfg = Release|arm
		{6182DBCA-146A-4F37-8406-3139BBE04636}.Release|arm.Build.0 = Release|arm
		{6182DBCA-146A-4F37-8406-3139BBE04636}.Release|Mixed Platforms.ActiveCfg = Release|x86
		{6182DBCA-146A-4F37-8406-3139BBE04636}.Release|Mixed Platforms.Build.0 = Release|x86
		{6182DBCA-146A-4F37-8406-3139BBE04636}.Release|Win32.ActiveCfg = Release|Win32
		{6182DBCA-146A-4F37-8406-3139BBE04636}.Release|Win32.Build.0 = Release|Win32
		{6182DBCA-146A-4F37-8406-3139BBE04636}.Release|x64.ActiveCfg = Release|x64
		{6182DBCA-146A-4F37-8406-3139BBE04636}.Release|x64.Build.0 = Release|x64
		{6182DBCA-146A-4F37-8406-3139BBE04636}.Release|x86.ActiveCfg = Release|x86
		{6182DBCA-146A-4F37-8406-3139BBE04636}.Release|x86.Build.0 = Release|x86
		{33F6ABF5-FA13-4B73-99FA-F9BBA894DD9A}.Debug|Any CPU.ActiveCfg = Debug|Any CPU
		{33F6ABF5-FA13-4B73-99FA-F9BBA894DD9A}.Debug|Any CPU.Build.0 = Debug|Any CPU
		{33F6ABF5-FA13-4B73-99FA-F9BBA894DD9A}.Debug|arm.ActiveCfg = Debug|arm
		{33F6ABF5-FA13-4B73-99FA-F9BBA894DD9A}.Debug|arm.Build.0 = Debug|arm
		{33F6ABF5-FA13-4B73-99FA-F9BBA894DD9A}.Debug|Mixed Platforms.ActiveCfg = Debug|x86
		{33F6ABF5-FA13-4B73-99FA-F9BBA894DD9A}.Debug|Mixed Platforms.Build.0 = Debug|x86
		{33F6ABF5-FA13-4B73-99FA-F9BBA894DD9A}.Debug|Win32.ActiveCfg = Debug|Win32
		{33F6ABF5-FA13-4B73-99FA-F9BBA894DD9A}.Debug|Win32.Build.0 = Debug|Win32
		{33F6ABF5-FA13-4B73-99FA-F9BBA894DD9A}.Debug|x64.ActiveCfg = Debug|x64
		{33F6ABF5-FA13-4B73-99FA-F9BBA894DD9A}.Debug|x64.Build.0 = Debug|x64
		{33F6ABF5-FA13-4B73-99FA-F9BBA894DD9A}.Debug|x86.ActiveCfg = Debug|x86
		{33F6ABF5-FA13-4B73-99FA-F9BBA894DD9A}.Debug|x86.Build.0 = Debug|x86
		{33F6ABF5-FA13-4B73-99FA-F9BBA894DD9A}.Release|Any CPU.ActiveCfg = Release|Any CPU
		{33F6ABF5-FA13-4B73-99FA-F9BBA894DD9A}.Release|Any CPU.Build.0 = Release|Any CPU
		{33F6ABF5-FA13-4B73-99FA-F9BBA894DD9A}.Release|arm.ActiveCfg = Release|arm
		{33F6ABF5-FA13-4B73-99FA-F9BBA894DD9A}.Release|arm.Build.0 = Release|arm
		{33F6ABF5-FA13-4B73-99FA-F9BBA894DD9A}.Release|Mixed Platforms.ActiveCfg = Release|x86
		{33F6ABF5-FA13-4B73-99FA-F9BBA894DD9A}.Release|Mixed Platforms.Build.0 = Release|x86
		{33F6ABF5-FA13-4B73-99FA-F9BBA894DD9A}.Release|Win32.ActiveCfg = Release|Win32
		{33F6ABF5-FA13-4B73-99FA-F9BBA894DD9A}.Release|Win32.Build.0 = Release|Win32
		{33F6ABF5-FA13-4B73-99FA-F9BBA894DD9A}.Release|x64.ActiveCfg = Release|x64
		{33F6ABF5-FA13-4B73-99FA-F9BBA894DD9A}.Release|x64.Build.0 = Release|x64
		{33F6ABF5-FA13-4B73-99FA-F9BBA894DD9A}.Release|x86.ActiveCfg = Release|x86
		{33F6ABF5-FA13-4B73-99FA-F9BBA894DD9A}.Release|x86.Build.0 = Release|x86
		{593335AA-CB55-4CD4-9089-06DA8C6E8EA3}.Debug|Any CPU.ActiveCfg = Debug|Any CPU
		{593335AA-CB55-4CD4-9089-06DA8C6E8EA3}.Debug|Any CPU.Build.0 = Debug|Any CPU
		{593335AA-CB55-4CD4-9089-06DA8C6E8EA3}.Debug|arm.ActiveCfg = Debug|arm
		{593335AA-CB55-4CD4-9089-06DA8C6E8EA3}.Debug|arm.Build.0 = Debug|arm
		{593335AA-CB55-4CD4-9089-06DA8C6E8EA3}.Debug|Mixed Platforms.ActiveCfg = Debug|x86
		{593335AA-CB55-4CD4-9089-06DA8C6E8EA3}.Debug|Mixed Platforms.Build.0 = Debug|x86
		{593335AA-CB55-4CD4-9089-06DA8C6E8EA3}.Debug|Win32.ActiveCfg = Debug|Win32
		{593335AA-CB55-4CD4-9089-06DA8C6E8EA3}.Debug|Win32.Build.0 = Debug|Win32
		{593335AA-CB55-4CD4-9089-06DA8C6E8EA3}.Debug|x64.ActiveCfg = Debug|x64
		{593335AA-CB55-4CD4-9089-06DA8C6E8EA3}.Debug|x64.Build.0 = Debug|x64
		{593335AA-CB55-4CD4-9089-06DA8C6E8EA3}.Debug|x86.ActiveCfg = Debug|x86
		{593335AA-CB55-4CD4-9089-06DA8C6E8EA3}.Debug|x86.Build.0 = Debug|x86
		{593335AA-CB55-4CD4-9089-06DA8C6E8EA3}.Release|Any CPU.ActiveCfg = Release|Any CPU
		{593335AA-CB55-4CD4-9089-06DA8C6E8EA3}.Release|Any CPU.Build.0 = Release|Any CPU
		{593335AA-CB55-4CD4-9089-06DA8C6E8EA3}.Release|arm.ActiveCfg = Release|arm
		{593335AA-CB55-4CD4-9089-06DA8C6E8EA3}.Release|arm.Build.0 = Release|arm
		{593335AA-CB55-4CD4-9089-06DA8C6E8EA3}.Release|Mixed Platforms.ActiveCfg = Release|x86
		{593335AA-CB55-4CD4-9089-06DA8C6E8EA3}.Release|Mixed Platforms.Build.0 = Release|x86
		{593335AA-CB55-4CD4-9089-06DA8C6E8EA3}.Release|Win32.ActiveCfg = Release|Win32
		{593335AA-CB55-4CD4-9089-06DA8C6E8EA3}.Release|Win32.Build.0 = Release|Win32
		{593335AA-CB55-4CD4-9089-06DA8C6E8EA3}.Release|x64.ActiveCfg = Release|x64
		{593335AA-CB55-4CD4-9089-06DA8C6E8EA3}.Release|x64.Build.0 = Release|x64
		{593335AA-CB55-4CD4-9089-06DA8C6E8EA3}.Release|x86.ActiveCfg = Release|x86
		{593335AA-CB55-4CD4-9089-06DA8C6E8EA3}.Release|x86.Build.0 = Release|x86
		{B92D961C-F7D5-49D3-BFC0-70A3133930A4}.Debug|Any CPU.ActiveCfg = Debug|Any CPU
		{B92D961C-F7D5-49D3-BFC0-70A3133930A4}.Debug|Any CPU.Build.0 = Debug|Any CPU
		{B92D961C-F7D5-49D3-BFC0-70A3133930A4}.Debug|arm.ActiveCfg = Debug|arm
		{B92D961C-F7D5-49D3-BFC0-70A3133930A4}.Debug|arm.Build.0 = Debug|arm
		{B92D961C-F7D5-49D3-BFC0-70A3133930A4}.Debug|Mixed Platforms.ActiveCfg = Debug|x86
		{B92D961C-F7D5-49D3-BFC0-70A3133930A4}.Debug|Mixed Platforms.Build.0 = Debug|x86
		{B92D961C-F7D5-49D3-BFC0-70A3133930A4}.Debug|Win32.ActiveCfg = Debug|Win32
		{B92D961C-F7D5-49D3-BFC0-70A3133930A4}.Debug|Win32.Build.0 = Debug|Win32
		{B92D961C-F7D5-49D3-BFC0-70A3133930A4}.Debug|x64.ActiveCfg = Debug|x64
		{B92D961C-F7D5-49D3-BFC0-70A3133930A4}.Debug|x64.Build.0 = Debug|x64
		{B92D961C-F7D5-49D3-BFC0-70A3133930A4}.Debug|x86.ActiveCfg = Debug|x86
		{B92D961C-F7D5-49D3-BFC0-70A3133930A4}.Debug|x86.Build.0 = Debug|x86
		{B92D961C-F7D5-49D3-BFC0-70A3133930A4}.Release|Any CPU.ActiveCfg = Release|Any CPU
		{B92D961C-F7D5-49D3-BFC0-70A3133930A4}.Release|Any CPU.Build.0 = Release|Any CPU
		{B92D961C-F7D5-49D3-BFC0-70A3133930A4}.Release|arm.ActiveCfg = Release|arm
		{B92D961C-F7D5-49D3-BFC0-70A3133930A4}.Release|arm.Build.0 = Release|arm
		{B92D961C-F7D5-49D3-BFC0-70A3133930A4}.Release|Mixed Platforms.ActiveCfg = Release|x86
		{B92D961C-F7D5-49D3-BFC0-70A3133930A4}.Release|Mixed Platforms.Build.0 = Release|x86
		{B92D961C-F7D5-49D3-BFC0-70A3133930A4}.Release|Win32.ActiveCfg = Release|Win32
		{B92D961C-F7D5-49D3-BFC0-70A3133930A4}.Release|Win32.Build.0 = Release|Win32
		{B92D961C-F7D5-49D3-BFC0-70A3133930A4}.Release|x64.ActiveCfg = Release|x64
		{B92D961C-F7D5-49D3-BFC0-70A3133930A4}.Release|x64.Build.0 = Release|x64
		{B92D961C-F7D5-49D3-BFC0-70A3133930A4}.Release|x86.ActiveCfg = Release|x86
		{B92D961C-F7D5-49D3-BFC0-70A3133930A4}.Release|x86.Build.0 = Release|x86
		{6A98499E-40EC-4335-9C31-96A2511D47C6}.Debug|Any CPU.ActiveCfg = Debug|Any CPU
		{6A98499E-40EC-4335-9C31-96A2511D47C6}.Debug|Any CPU.Build.0 = Debug|Any CPU
		{6A98499E-40EC-4335-9C31-96A2511D47C6}.Debug|arm.ActiveCfg = Debug|arm
		{6A98499E-40EC-4335-9C31-96A2511D47C6}.Debug|arm.Build.0 = Debug|arm
		{6A98499E-40EC-4335-9C31-96A2511D47C6}.Debug|Mixed Platforms.ActiveCfg = Debug|x86
		{6A98499E-40EC-4335-9C31-96A2511D47C6}.Debug|Mixed Platforms.Build.0 = Debug|x86
		{6A98499E-40EC-4335-9C31-96A2511D47C6}.Debug|Win32.ActiveCfg = Debug|Win32
		{6A98499E-40EC-4335-9C31-96A2511D47C6}.Debug|Win32.Build.0 = Debug|Win32
		{6A98499E-40EC-4335-9C31-96A2511D47C6}.Debug|x64.ActiveCfg = Debug|x64
		{6A98499E-40EC-4335-9C31-96A2511D47C6}.Debug|x64.Build.0 = Debug|x64
		{6A98499E-40EC-4335-9C31-96A2511D47C6}.Debug|x86.ActiveCfg = Debug|x86
		{6A98499E-40EC-4335-9C31-96A2511D47C6}.Debug|x86.Build.0 = Debug|x86
		{6A98499E-40EC-4335-9C31-96A2511D47C6}.Release|Any CPU.ActiveCfg = Release|Any CPU
		{6A98499E-40EC-4335-9C31-96A2511D47C6}.Release|Any CPU.Build.0 = Release|Any CPU
		{6A98499E-40EC-4335-9C31-96A2511D47C6}.Release|arm.ActiveCfg = Release|arm
		{6A98499E-40EC-4335-9C31-96A2511D47C6}.Release|arm.Build.0 = Release|arm
		{6A98499E-40EC-4335-9C31-96A2511D47C6}.Release|Mixed Platforms.ActiveCfg = Release|x86
		{6A98499E-40EC-4335-9C31-96A2511D47C6}.Release|Mixed Platforms.Build.0 = Release|x86
		{6A98499E-40EC-4335-9C31-96A2511D47C6}.Release|Win32.ActiveCfg = Release|Win32
		{6A98499E-40EC-4335-9C31-96A2511D47C6}.Release|Win32.Build.0 = Release|Win32
		{6A98499E-40EC-4335-9C31-96A2511D47C6}.Release|x64.ActiveCfg = Release|x64
		{6A98499E-40EC-4335-9C31-96A2511D47C6}.Release|x64.Build.0 = Release|x64
		{6A98499E-40EC-4335-9C31-96A2511D47C6}.Release|x86.ActiveCfg = Release|x86
		{6A98499E-40EC-4335-9C31-96A2511D47C6}.Release|x86.Build.0 = Release|x86
		{EEE88C2A-45A0-4E48-A40A-431A4BA458D8}.Debug|Any CPU.ActiveCfg = Debug|Any CPU
		{EEE88C2A-45A0-4E48-A40A-431A4BA458D8}.Debug|Any CPU.Build.0 = Debug|Any CPU
		{EEE88C2A-45A0-4E48-A40A-431A4BA458D8}.Debug|arm.ActiveCfg = Debug|arm
		{EEE88C2A-45A0-4E48-A40A-431A4BA458D8}.Debug|arm.Build.0 = Debug|arm
		{EEE88C2A-45A0-4E48-A40A-431A4BA458D8}.Debug|Mixed Platforms.ActiveCfg = Debug|x86
		{EEE88C2A-45A0-4E48-A40A-431A4BA458D8}.Debug|Mixed Platforms.Build.0 = Debug|x86
		{EEE88C2A-45A0-4E48-A40A-431A4BA458D8}.Debug|Win32.ActiveCfg = Debug|Win32
		{EEE88C2A-45A0-4E48-A40A-431A4BA458D8}.Debug|Win32.Build.0 = Debug|Win32
		{EEE88C2A-45A0-4E48-A40A-431A4BA458D8}.Debug|x64.ActiveCfg = Debug|x64
		{EEE88C2A-45A0-4E48-A40A-431A4BA458D8}.Debug|x64.Build.0 = Debug|x64
		{EEE88C2A-45A0-4E48-A40A-431A4BA458D8}.Debug|x86.ActiveCfg = Debug|x86
		{EEE88C2A-45A0-4E48-A40A-431A4BA458D8}.Debug|x86.Build.0 = Debug|x86
		{EEE88C2A-45A0-4E48-A40A-431A4BA458D8}.Release|Any CPU.ActiveCfg = Release|Any CPU
		{EEE88C2A-45A0-4E48-A40A-431A4BA458D8}.Release|Any CPU.Build.0 = Release|Any CPU
		{EEE88C2A-45A0-4E48-A40A-431A4BA458D8}.Release|arm.ActiveCfg = Release|arm
		{EEE88C2A-45A0-4E48-A40A-431A4BA458D8}.Release|arm.Build.0 = Release|arm
		{EEE88C2A-45A0-4E48-A40A-431A4BA458D8}.Release|Mixed Platforms.ActiveCfg = Release|x86
		{EEE88C2A-45A0-4E48-A40A-431A4BA458D8}.Release|Mixed Platforms.Build.0 = Release|x86
		{EEE88C2A-45A0-4E48-A40A-431A4BA458D8}.Release|Win32.ActiveCfg = Release|Win32
		{EEE88C2A-45A0-4E48-A40A-431A4BA458D8}.Release|Win32.Build.0 = Release|Win32
		{EEE88C2A-45A0-4E48-A40A-431A4BA458D8}.Release|x64.ActiveCfg = Release|x64
		{EEE88C2A-45A0-4E48-A40A-431A4BA458D8}.Release|x64.Build.0 = Release|x64
		{EEE88C2A-45A0-4E48-A40A-431A4BA458D8}.Release|x86.ActiveCfg = Release|x86
		{EEE88C2A-45A0-4E48-A40A-431A4BA458D8}.Release|x86.Build.0 = Release|x86
		{A7893362-BAC2-4F90-A7C3-B9F0EF7414CC}.Debug|Any CPU.ActiveCfg = Debug|Any CPU
		{A7893362-BAC2-4F90-A7C3-B9F0EF7414CC}.Debug|Any CPU.Build.0 = Debug|Any CPU
		{A7893362-BAC2-4F90-A7C3-B9F0EF7414CC}.Debug|arm.ActiveCfg = Debug|arm
		{A7893362-BAC2-4F90-A7C3-B9F0EF7414CC}.Debug|arm.Build.0 = Debug|arm
		{A7893362-BAC2-4F90-A7C3-B9F0EF7414CC}.Debug|Mixed Platforms.ActiveCfg = Debug|x86
		{A7893362-BAC2-4F90-A7C3-B9F0EF7414CC}.Debug|Mixed Platforms.Build.0 = Debug|x86
		{A7893362-BAC2-4F90-A7C3-B9F0EF7414CC}.Debug|Win32.ActiveCfg = Debug|Win32
		{A7893362-BAC2-4F90-A7C3-B9F0EF7414CC}.Debug|Win32.Build.0 = Debug|Win32
		{A7893362-BAC2-4F90-A7C3-B9F0EF7414CC}.Debug|x64.ActiveCfg = Debug|x64
		{A7893362-BAC2-4F90-A7C3-B9F0EF7414CC}.Debug|x64.Build.0 = Debug|x64
		{A7893362-BAC2-4F90-A7C3-B9F0EF7414CC}.Debug|x86.ActiveCfg = Debug|x86
		{A7893362-BAC2-4F90-A7C3-B9F0EF7414CC}.Debug|x86.Build.0 = Debug|x86
		{A7893362-BAC2-4F90-A7C3-B9F0EF7414CC}.Release|Any CPU.ActiveCfg = Release|Any CPU
		{A7893362-BAC2-4F90-A7C3-B9F0EF7414CC}.Release|Any CPU.Build.0 = Release|Any CPU
		{A7893362-BAC2-4F90-A7C3-B9F0EF7414CC}.Release|arm.ActiveCfg = Release|arm
		{A7893362-BAC2-4F90-A7C3-B9F0EF7414CC}.Release|arm.Build.0 = Release|arm
		{A7893362-BAC2-4F90-A7C3-B9F0EF7414CC}.Release|Mixed Platforms.ActiveCfg = Release|x86
		{A7893362-BAC2-4F90-A7C3-B9F0EF7414CC}.Release|Mixed Platforms.Build.0 = Release|x86
		{A7893362-BAC2-4F90-A7C3-B9F0EF7414CC}.Release|Win32.ActiveCfg = Release|Win32
		{A7893362-BAC2-4F90-A7C3-B9F0EF7414CC}.Release|Win32.Build.0 = Release|Win32
		{A7893362-BAC2-4F90-A7C3-B9F0EF7414CC}.Release|x64.ActiveCfg = Release|x64
		{A7893362-BAC2-4F90-A7C3-B9F0EF7414CC}.Release|x64.Build.0 = Release|x64
		{A7893362-BAC2-4F90-A7C3-B9F0EF7414CC}.Release|x86.ActiveCfg = Release|x86
		{A7893362-BAC2-4F90-A7C3-B9F0EF7414CC}.Release|x86.Build.0 = Release|x86
		{93982760-E620-499A-9525-5763E813CB49}.Debug|Any CPU.ActiveCfg = Debug|Any CPU
		{93982760-E620-499A-9525-5763E813CB49}.Debug|Any CPU.Build.0 = Debug|Any CPU
		{93982760-E620-499A-9525-5763E813CB49}.Debug|arm.ActiveCfg = Debug|arm
		{93982760-E620-499A-9525-5763E813CB49}.Debug|arm.Build.0 = Debug|arm
		{93982760-E620-499A-9525-5763E813CB49}.Debug|Mixed Platforms.ActiveCfg = Debug|x86
		{93982760-E620-499A-9525-5763E813CB49}.Debug|Mixed Platforms.Build.0 = Debug|x86
		{93982760-E620-499A-9525-5763E813CB49}.Debug|Win32.ActiveCfg = Debug|Win32
		{93982760-E620-499A-9525-5763E813CB49}.Debug|Win32.Build.0 = Debug|Win32
		{93982760-E620-499A-9525-5763E813CB49}.Debug|x64.ActiveCfg = Debug|x64
		{93982760-E620-499A-9525-5763E813CB49}.Debug|x64.Build.0 = Debug|x64
		{93982760-E620-499A-9525-5763E813CB49}.Debug|x86.ActiveCfg = Debug|x86
		{93982760-E620-499A-9525-5763E813CB49}.Debug|x86.Build.0 = Debug|x86
		{93982760-E620-499A-9525-5763E813CB49}.Release|Any CPU.ActiveCfg = Release|Any CPU
		{93982760-E620-499A-9525-5763E813CB49}.Release|Any CPU.Build.0 = Release|Any CPU
		{93982760-E620-499A-9525-5763E813CB49}.Release|arm.ActiveCfg = Release|arm
		{93982760-E620-499A-9525-5763E813CB49}.Release|arm.Build.0 = Release|arm
		{93982760-E620-499A-9525-5763E813CB49}.Release|Mixed Platforms.ActiveCfg = Release|x86
		{93982760-E620-499A-9525-5763E813CB49}.Release|Mixed Platforms.Build.0 = Release|x86
		{93982760-E620-499A-9525-5763E813CB49}.Release|Win32.ActiveCfg = Release|Win32
		{93982760-E620-499A-9525-5763E813CB49}.Release|Win32.Build.0 = Release|Win32
		{93982760-E620-499A-9525-5763E813CB49}.Release|x64.ActiveCfg = Release|x64
		{93982760-E620-499A-9525-5763E813CB49}.Release|x64.Build.0 = Release|x64
		{93982760-E620-499A-9525-5763E813CB49}.Release|x86.ActiveCfg = Release|x86
		{93982760-E620-499A-9525-5763E813CB49}.Release|x86.Build.0 = Release|x86
		{D91B33CA-8F85-4759-B8BF-1B50FDECC91C}.Debug|Any CPU.ActiveCfg = Debug|Any CPU
		{D91B33CA-8F85-4759-B8BF-1B50FDECC91C}.Debug|Any CPU.Build.0 = Debug|Any CPU
		{D91B33CA-8F85-4759-B8BF-1B50FDECC91C}.Debug|arm.ActiveCfg = Debug|arm
		{D91B33CA-8F85-4759-B8BF-1B50FDECC91C}.Debug|arm.Build.0 = Debug|arm
		{D91B33CA-8F85-4759-B8BF-1B50FDECC91C}.Debug|Mixed Platforms.ActiveCfg = Debug|x86
		{D91B33CA-8F85-4759-B8BF-1B50FDECC91C}.Debug|Mixed Platforms.Build.0 = Debug|x86
		{D91B33CA-8F85-4759-B8BF-1B50FDECC91C}.Debug|Win32.ActiveCfg = Debug|Win32
		{D91B33CA-8F85-4759-B8BF-1B50FDECC91C}.Debug|Win32.Build.0 = Debug|Win32
		{D91B33CA-8F85-4759-B8BF-1B50FDECC91C}.Debug|x64.ActiveCfg = Debug|x64
		{D91B33CA-8F85-4759-B8BF-1B50FDECC91C}.Debug|x64.Build.0 = Debug|x64
		{D91B33CA-8F85-4759-B8BF-1B50FDECC91C}.Debug|x86.ActiveCfg = Debug|x86
		{D91B33CA-8F85-4759-B8BF-1B50FDECC91C}.Debug|x86.Build.0 = Debug|x86
		{D91B33CA-8F85-4759-B8BF-1B50FDECC91C}.Release|Any CPU.ActiveCfg = Release|Any CPU
		{D91B33CA-8F85-4759-B8BF-1B50FDECC91C}.Release|Any CPU.Build.0 = Release|Any CPU
		{D91B33CA-8F85-4759-B8BF-1B50FDECC91C}.Release|arm.ActiveCfg = Release|arm
		{D91B33CA-8F85-4759-B8BF-1B50FDECC91C}.Release|arm.Build.0 = Release|arm
		{D91B33CA-8F85-4759-B8BF-1B50FDECC91C}.Release|Mixed Platforms.ActiveCfg = Release|x86
		{D91B33CA-8F85-4759-B8BF-1B50FDECC91C}.Release|Mixed Platforms.Build.0 = Release|x86
		{D91B33CA-8F85-4759-B8BF-1B50FDECC91C}.Release|Win32.ActiveCfg = Release|Win32
		{D91B33CA-8F85-4759-B8BF-1B50FDECC91C}.Release|Win32.Build.0 = Release|Win32
		{D91B33CA-8F85-4759-B8BF-1B50FDECC91C}.Release|x64.ActiveCfg = Release|x64
		{D91B33CA-8F85-4759-B8BF-1B50FDECC91C}.Release|x64.Build.0 = Release|x64
		{D91B33CA-8F85-4759-B8BF-1B50FDECC91C}.Release|x86.ActiveCfg = Release|x86
		{D91B33CA-8F85-4759-B8BF-1B50FDECC91C}.Release|x86.Build.0 = Release|x86
	EndGlobalSection
	GlobalSection(SolutionProperties) = preSolution
		HideSolutionNode = FALSE
	EndGlobalSection
	GlobalSection(NestedProjects) = preSolution
		{BF720A63-9D7B-456E-B60C-8122852D9FED} = {FA6E4980-2DBB-4769-9A37-40D5BF18AE8C}
		{1497B777-330B-4CFE-927A-22850CD24D64} = {FA6E4980-2DBB-4769-9A37-40D5BF18AE8C}
		{A0B6D3F1-AE5E-423B-BA92-60C9926CA498} = {FA6E4980-2DBB-4769-9A37-40D5BF18AE8C}
		{2256EFD7-E678-4485-818D-986D590068BE} = {FA6E4980-2DBB-4769-9A37-40D5BF18AE8C}
		{1C943AF9-7373-4BCB-8874-A13DAF6DA585} = {FA6E4980-2DBB-4769-9A37-40D5BF18AE8C}
		{4E633314-DF9D-4828-BCB4-D959EBBBF114} = {FA6E4980-2DBB-4769-9A37-40D5BF18AE8C}
		{B990D81B-9F60-4EEE-B31D-B5D1EAA799EE} = {FA6E4980-2DBB-4769-9A37-40D5BF18AE8C}
		{6F1482DF-1598-4D88-BDAA-B9D0E0242139} = {FA6E4980-2DBB-4769-9A37-40D5BF18AE8C}
		{696EB455-0EF3-47C0-8A02-86FF5D8CC791} = {FA6E4980-2DBB-4769-9A37-40D5BF18AE8C}
		{B0FD938D-C569-457D-AFF0-25EE5E99386E} = {FA6E4980-2DBB-4769-9A37-40D5BF18AE8C}
		{3E74F4F0-7DC9-4837-9443-D5BE061C892C} = {FA6E4980-2DBB-4769-9A37-40D5BF18AE8C}
		{E917D8E0-4883-4AA6-AE1F-57839165E188} = {FA6E4980-2DBB-4769-9A37-40D5BF18AE8C}
		{5188C6FB-FE2D-4973-8310-DA05D34040F9} = {FA6E4980-2DBB-4769-9A37-40D5BF18AE8C}
		{AAFC3C7F-D818-4B1D-AF3F-A331EA917F3F} = {FA6E4980-2DBB-4769-9A37-40D5BF18AE8C}
		{CC3521F5-D0A8-4CBA-99E2-092FCD04125D} = {FA6E4980-2DBB-4769-9A37-40D5BF18AE8C}
		{EA867716-8FF0-4008-B197-9F326420ABE4} = {FA6E4980-2DBB-4769-9A37-40D5BF18AE8C}
		{D1A907C2-FA39-4B3D-B66E-F697064D9DC4} = {FA6E4980-2DBB-4769-9A37-40D5BF18AE8C}
		{6182DBCA-146A-4F37-8406-3139BBE04636} = {FA6E4980-2DBB-4769-9A37-40D5BF18AE8C}
		{33F6ABF5-FA13-4B73-99FA-F9BBA894DD9A} = {FA6E4980-2DBB-4769-9A37-40D5BF18AE8C}
		{D91B33CA-8F85-4759-B8BF-1B50FDECC91C} = {039FBBC7-097F-49F9-8C03-08F3AAE60E66}
	EndGlobalSection
EndGlobal
